// !$*UTF8*$!
{
	archiveVersion = 1;
	classes = {
	};
	objectVersion = 56;
	objects = {

/* Begin PBXBuildFile section */
		40A3D37C2AEC3BCB0044095B /* reality-check in Resources */ = {isa = PBXBuildFile; fileRef = 40A3D37B2AEC3BCB0044095B /* reality-check */; };
		40A3D37E2AEC3BD80044095B /* RealityCheckConnect in Frameworks */ = {isa = PBXBuildFile; productRef = 40A3D37D2AEC3BD80044095B /* RealityCheckConnect */; };
		40A3D3812AEC3C0A0044095B /* RealityCheckConnect in Frameworks */ = {isa = PBXBuildFile; productRef = 40A3D3802AEC3C0A0044095B /* RealityCheckConnect */; };
		AEA1030F2AD2D22000DB4542 /* RealityKitContent in Frameworks */ = {isa = PBXBuildFile; productRef = AEA1030E2AD2D22000DB4542 /* RealityKitContent */; };
		AEA103112AD2D22000DB4542 /* ConnectApp.swift in Sources */ = {isa = PBXBuildFile; fileRef = AEA103102AD2D22000DB4542 /* ConnectApp.swift */; };
		AEA103132AD2D22000DB4542 /* ContentView.swift in Sources */ = {isa = PBXBuildFile; fileRef = AEA103122AD2D22000DB4542 /* ContentView.swift */; };
		AEA103152AD2D22000DB4542 /* ImmersiveView.swift in Sources */ = {isa = PBXBuildFile; fileRef = AEA103142AD2D22000DB4542 /* ImmersiveView.swift */; };
		AEA103172AD2D22300DB4542 /* Assets.xcassets in Resources */ = {isa = PBXBuildFile; fileRef = AEA103162AD2D22300DB4542 /* Assets.xcassets */; };
		AEA1031A2AD2D22300DB4542 /* Preview Assets.xcassets in Resources */ = {isa = PBXBuildFile; fileRef = AEA103192AD2D22300DB4542 /* Preview Assets.xcassets */; };
/* End PBXBuildFile section */

/* Begin PBXFileReference section */
		40A3D37B2AEC3BCB0044095B /* reality-check */ = {isa = PBXFileReference; lastKnownFileType = wrapper; name = "reality-check"; path = ../../../..; sourceTree = "<group>"; };
		AEA103092AD2D22000DB4542 /* Connect.app */ = {isa = PBXFileReference; explicitFileType = wrapper.application; includeInIndex = 0; path = Connect.app; sourceTree = BUILT_PRODUCTS_DIR; };
		AEA1030D2AD2D22000DB4542 /* RealityKitContent */ = {isa = PBXFileReference; lastKnownFileType = wrapper; path = RealityKitContent; sourceTree = "<group>"; };
		AEA103102AD2D22000DB4542 /* ConnectApp.swift */ = {isa = PBXFileReference; lastKnownFileType = sourcecode.swift; path = ConnectApp.swift; sourceTree = "<group>"; };
		AEA103122AD2D22000DB4542 /* ContentView.swift */ = {isa = PBXFileReference; lastKnownFileType = sourcecode.swift; path = ContentView.swift; sourceTree = "<group>"; };
		AEA103142AD2D22000DB4542 /* ImmersiveView.swift */ = {isa = PBXFileReference; lastKnownFileType = sourcecode.swift; path = ImmersiveView.swift; sourceTree = "<group>"; };
		AEA103162AD2D22300DB4542 /* Assets.xcassets */ = {isa = PBXFileReference; lastKnownFileType = folder.assetcatalog; path = Assets.xcassets; sourceTree = "<group>"; };
		AEA103192AD2D22300DB4542 /* Preview Assets.xcassets */ = {isa = PBXFileReference; lastKnownFileType = folder.assetcatalog; path = "Preview Assets.xcassets"; sourceTree = "<group>"; };
		AEA1031B2AD2D22300DB4542 /* Info.plist */ = {isa = PBXFileReference; lastKnownFileType = text.plist.xml; path = Info.plist; sourceTree = "<group>"; };
/* End PBXFileReference section */

/* Begin PBXFrameworksBuildPhase section */
		AEA103062AD2D22000DB4542 /* Frameworks */ = {
			isa = PBXFrameworksBuildPhase;
			buildActionMask = 2147483647;
			files = (
				AEA1030F2AD2D22000DB4542 /* RealityKitContent in Frameworks */,
				40A3D3812AEC3C0A0044095B /* RealityCheckConnect in Frameworks */,
				40A3D37E2AEC3BD80044095B /* RealityCheckConnect in Frameworks */,
			);
			runOnlyForDeploymentPostprocessing = 0;
		};
/* End PBXFrameworksBuildPhase section */

/* Begin PBXGroup section */
		AEA103002AD2D22000DB4542 = {
			isa = PBXGroup;
			children = (
				AEA1030B2AD2D22000DB4542 /* Connect */,
				AEA1030C2AD2D22000DB4542 /* Packages */,
				AEA1030A2AD2D22000DB4542 /* Products */,
				AEA103232AD2D37A00DB4542 /* Frameworks */,
			);
			sourceTree = "<group>";
		};
		AEA1030A2AD2D22000DB4542 /* Products */ = {
			isa = PBXGroup;
			children = (
				AEA103092AD2D22000DB4542 /* Connect.app */,
			);
			name = Products;
			sourceTree = "<group>";
		};
		AEA1030B2AD2D22000DB4542 /* Connect */ = {
			isa = PBXGroup;
			children = (
				AEA103102AD2D22000DB4542 /* ConnectApp.swift */,
				AEA103122AD2D22000DB4542 /* ContentView.swift */,
				AEA103142AD2D22000DB4542 /* ImmersiveView.swift */,
				AEA103162AD2D22300DB4542 /* Assets.xcassets */,
				AEA1031B2AD2D22300DB4542 /* Info.plist */,
				AEA103182AD2D22300DB4542 /* Preview Content */,
			);
			path = Connect;
			sourceTree = "<group>";
		};
		AEA1030C2AD2D22000DB4542 /* Packages */ = {
			isa = PBXGroup;
			children = (
				40A3D37B2AEC3BCB0044095B /* reality-check */,
				AEA1030D2AD2D22000DB4542 /* RealityKitContent */,
			);
			path = Packages;
			sourceTree = "<group>";
		};
		AEA103182AD2D22300DB4542 /* Preview Content */ = {
			isa = PBXGroup;
			children = (
				AEA103192AD2D22300DB4542 /* Preview Assets.xcassets */,
			);
			path = "Preview Content";
			sourceTree = "<group>";
		};
		AEA103232AD2D37A00DB4542 /* Frameworks */ = {
			isa = PBXGroup;
			children = (
			);
			name = Frameworks;
			sourceTree = "<group>";
		};
/* End PBXGroup section */

/* Begin PBXNativeTarget section */
		AEA103082AD2D22000DB4542 /* Connect */ = {
			isa = PBXNativeTarget;
			buildConfigurationList = AEA1031E2AD2D22300DB4542 /* Build configuration list for PBXNativeTarget "Connect" */;
			buildPhases = (
				AEA103052AD2D22000DB4542 /* Sources */,
				AEA103062AD2D22000DB4542 /* Frameworks */,
				AEA103072AD2D22000DB4542 /* Resources */,
			);
			buildRules = (
			);
			dependencies = (
			);
			name = Connect;
			packageProductDependencies = (
				AEA1030E2AD2D22000DB4542 /* RealityKitContent */,
				40A3D37D2AEC3BD80044095B /* RealityCheckConnect */,
				40A3D3802AEC3C0A0044095B /* RealityCheckConnect */,
			);
			productName = Connect;
			productReference = AEA103092AD2D22000DB4542 /* Connect.app */;
			productType = "com.apple.product-type.application";
		};
/* End PBXNativeTarget section */

/* Begin PBXProject section */
		AEA103012AD2D22000DB4542 /* Project object */ = {
			isa = PBXProject;
			attributes = {
				BuildIndependentTargetsInParallel = 1;
				LastSwiftUpdateCheck = 1510;
				LastUpgradeCheck = 1510;
				TargetAttributes = {
					AEA103082AD2D22000DB4542 = {
						CreatedOnToolsVersion = 15.1;
					};
				};
			};
			buildConfigurationList = AEA103042AD2D22000DB4542 /* Build configuration list for PBXProject "Connect" */;
			compatibilityVersion = "Xcode 14.0";
			developmentRegion = en;
			hasScannedForEncodings = 0;
			knownRegions = (
				en,
				Base,
			);
			mainGroup = AEA103002AD2D22000DB4542;
			packageReferences = (
				40A3D37F2AEC3C0A0044095B /* XCRemoteSwiftPackageReference "reality-check" */,
			);
			productRefGroup = AEA1030A2AD2D22000DB4542 /* Products */;
			projectDirPath = "";
			projectRoot = "";
			targets = (
				AEA103082AD2D22000DB4542 /* Connect */,
			);
		};
/* End PBXProject section */

/* Begin PBXResourcesBuildPhase section */
		AEA103072AD2D22000DB4542 /* Resources */ = {
			isa = PBXResourcesBuildPhase;
			buildActionMask = 2147483647;
			files = (
				40A3D37C2AEC3BCB0044095B /* reality-check in Resources */,
				AEA1031A2AD2D22300DB4542 /* Preview Assets.xcassets in Resources */,
				AEA103172AD2D22300DB4542 /* Assets.xcassets in Resources */,
			);
			runOnlyForDeploymentPostprocessing = 0;
		};
/* End PBXResourcesBuildPhase section */

/* Begin PBXSourcesBuildPhase section */
		AEA103052AD2D22000DB4542 /* Sources */ = {
			isa = PBXSourcesBuildPhase;
			buildActionMask = 2147483647;
			files = (
				AEA103132AD2D22000DB4542 /* ContentView.swift in Sources */,
				AEA103112AD2D22000DB4542 /* ConnectApp.swift in Sources */,
				AEA103152AD2D22000DB4542 /* ImmersiveView.swift in Sources */,
			);
			runOnlyForDeploymentPostprocessing = 0;
		};
/* End PBXSourcesBuildPhase section */

/* Begin XCBuildConfiguration section */
		AEA1031C2AD2D22300DB4542 /* Debug */ = {
			isa = XCBuildConfiguration;
			buildSettings = {
				ALWAYS_SEARCH_USER_PATHS = NO;
				ASSETCATALOG_COMPILER_GENERATE_SWIFT_ASSET_SYMBOL_EXTENSIONS = YES;
				CLANG_ANALYZER_NONNULL = YES;
				CLANG_ANALYZER_NUMBER_OBJECT_CONVERSION = YES_AGGRESSIVE;
				CLANG_CXX_LANGUAGE_STANDARD = "gnu++20";
				CLANG_ENABLE_MODULES = YES;
				CLANG_ENABLE_OBJC_ARC = YES;
				CLANG_ENABLE_OBJC_WEAK = YES;
				CLANG_WARN_BLOCK_CAPTURE_AUTORELEASING = YES;
				CLANG_WARN_BOOL_CONVERSION = YES;
				CLANG_WARN_COMMA = YES;
				CLANG_WARN_CONSTANT_CONVERSION = YES;
				CLANG_WARN_DEPRECATED_OBJC_IMPLEMENTATIONS = YES;
				CLANG_WARN_DIRECT_OBJC_ISA_USAGE = YES_ERROR;
				CLANG_WARN_DOCUMENTATION_COMMENTS = YES;
				CLANG_WARN_EMPTY_BODY = YES;
				CLANG_WARN_ENUM_CONVERSION = YES;
				CLANG_WARN_INFINITE_RECURSION = YES;
				CLANG_WARN_INT_CONVERSION = YES;
				CLANG_WARN_NON_LITERAL_NULL_CONVERSION = YES;
				CLANG_WARN_OBJC_IMPLICIT_RETAIN_SELF = YES;
				CLANG_WARN_OBJC_LITERAL_CONVERSION = YES;
				CLANG_WARN_OBJC_ROOT_CLASS = YES_ERROR;
				CLANG_WARN_QUOTED_INCLUDE_IN_FRAMEWORK_HEADER = YES;
				CLANG_WARN_RANGE_LOOP_ANALYSIS = YES;
				CLANG_WARN_STRICT_PROTOTYPES = YES;
				CLANG_WARN_SUSPICIOUS_MOVE = YES;
				CLANG_WARN_UNGUARDED_AVAILABILITY = YES_AGGRESSIVE;
				CLANG_WARN_UNREACHABLE_CODE = YES;
				CLANG_WARN__DUPLICATE_METHOD_MATCH = YES;
				COPY_PHASE_STRIP = NO;
				DEBUG_INFORMATION_FORMAT = dwarf;
				ENABLE_STRICT_OBJC_MSGSEND = YES;
				ENABLE_TESTABILITY = YES;
				ENABLE_USER_SCRIPT_SANDBOXING = YES;
				GCC_C_LANGUAGE_STANDARD = gnu17;
				GCC_DYNAMIC_NO_PIC = NO;
				GCC_NO_COMMON_BLOCKS = YES;
				GCC_OPTIMIZATION_LEVEL = 0;
				GCC_PREPROCESSOR_DEFINITIONS = (
					"DEBUG=1",
					"$(inherited)",
				);
				GCC_WARN_64_TO_32_BIT_CONVERSION = YES;
				GCC_WARN_ABOUT_RETURN_TYPE = YES_ERROR;
				GCC_WARN_UNDECLARED_SELECTOR = YES;
				GCC_WARN_UNINITIALIZED_AUTOS = YES_AGGRESSIVE;
				GCC_WARN_UNUSED_FUNCTION = YES;
				GCC_WARN_UNUSED_VARIABLE = YES;
				LOCALIZATION_PREFERS_STRING_CATALOGS = YES;
				MTL_ENABLE_DEBUG_INFO = INCLUDE_SOURCE;
				MTL_FAST_MATH = YES;
				ONLY_ACTIVE_ARCH = YES;
				SDKROOT = xros;
				SWIFT_ACTIVE_COMPILATION_CONDITIONS = "DEBUG $(inherited)";
				SWIFT_OPTIMIZATION_LEVEL = "-Onone";
				XROS_DEPLOYMENT_TARGET = 1.0;
			};
			name = Debug;
		};
		AEA1031D2AD2D22300DB4542 /* Release */ = {
			isa = XCBuildConfiguration;
			buildSettings = {
				ALWAYS_SEARCH_USER_PATHS = NO;
				ASSETCATALOG_COMPILER_GENERATE_SWIFT_ASSET_SYMBOL_EXTENSIONS = YES;
				CLANG_ANALYZER_NONNULL = YES;
				CLANG_ANALYZER_NUMBER_OBJECT_CONVERSION = YES_AGGRESSIVE;
				CLANG_CXX_LANGUAGE_STANDARD = "gnu++20";
				CLANG_ENABLE_MODULES = YES;
				CLANG_ENABLE_OBJC_ARC = YES;
				CLANG_ENABLE_OBJC_WEAK = YES;
				CLANG_WARN_BLOCK_CAPTURE_AUTORELEASING = YES;
				CLANG_WARN_BOOL_CONVERSION = YES;
				CLANG_WARN_COMMA = YES;
				CLANG_WARN_CONSTANT_CONVERSION = YES;
				CLANG_WARN_DEPRECATED_OBJC_IMPLEMENTATIONS = YES;
				CLANG_WARN_DIRECT_OBJC_ISA_USAGE = YES_ERROR;
				CLANG_WARN_DOCUMENTATION_COMMENTS = YES;
				CLANG_WARN_EMPTY_BODY = YES;
				CLANG_WARN_ENUM_CONVERSION = YES;
				CLANG_WARN_INFINITE_RECURSION = YES;
				CLANG_WARN_INT_CONVERSION = YES;
				CLANG_WARN_NON_LITERAL_NULL_CONVERSION = YES;
				CLANG_WARN_OBJC_IMPLICIT_RETAIN_SELF = YES;
				CLANG_WARN_OBJC_LITERAL_CONVERSION = YES;
				CLANG_WARN_OBJC_ROOT_CLASS = YES_ERROR;
				CLANG_WARN_QUOTED_INCLUDE_IN_FRAMEWORK_HEADER = YES;
				CLANG_WARN_RANGE_LOOP_ANALYSIS = YES;
				CLANG_WARN_STRICT_PROTOTYPES = YES;
				CLANG_WARN_SUSPICIOUS_MOVE = YES;
				CLANG_WARN_UNGUARDED_AVAILABILITY = YES_AGGRESSIVE;
				CLANG_WARN_UNREACHABLE_CODE = YES;
				CLANG_WARN__DUPLICATE_METHOD_MATCH = YES;
				COPY_PHASE_STRIP = NO;
				DEBUG_INFORMATION_FORMAT = "dwarf-with-dsym";
				ENABLE_NS_ASSERTIONS = NO;
				ENABLE_STRICT_OBJC_MSGSEND = YES;
				ENABLE_USER_SCRIPT_SANDBOXING = YES;
				GCC_C_LANGUAGE_STANDARD = gnu17;
				GCC_NO_COMMON_BLOCKS = YES;
				GCC_WARN_64_TO_32_BIT_CONVERSION = YES;
				GCC_WARN_ABOUT_RETURN_TYPE = YES_ERROR;
				GCC_WARN_UNDECLARED_SELECTOR = YES;
				GCC_WARN_UNINITIALIZED_AUTOS = YES_AGGRESSIVE;
				GCC_WARN_UNUSED_FUNCTION = YES;
				GCC_WARN_UNUSED_VARIABLE = YES;
				LOCALIZATION_PREFERS_STRING_CATALOGS = YES;
				MTL_ENABLE_DEBUG_INFO = NO;
				MTL_FAST_MATH = YES;
				SDKROOT = xros;
				SWIFT_COMPILATION_MODE = wholemodule;
				VALIDATE_PRODUCT = YES;
				XROS_DEPLOYMENT_TARGET = 1.0;
			};
			name = Release;
		};
		AEA1031F2AD2D22300DB4542 /* Debug */ = {
			isa = XCBuildConfiguration;
			buildSettings = {
				ASSETCATALOG_COMPILER_APPICON_NAME = AppIcon;
				ASSETCATALOG_COMPILER_GLOBAL_ACCENT_COLOR_NAME = AccentColor;
				CODE_SIGN_STYLE = Automatic;
				CURRENT_PROJECT_VERSION = 1;
				DEVELOPMENT_ASSET_PATHS = "\"Connect/Preview Content\"";
				DEVELOPMENT_TEAM = M92A6H7EPZ;
				ENABLE_PREVIEWS = YES;
				GENERATE_INFOPLIST_FILE = YES;
				INFOPLIST_FILE = "$(TARGET_NAME)/Info.plist";
				INFOPLIST_KEY_CFBundleDisplayName = "Connect Example";
				LD_RUNPATH_SEARCH_PATHS = (
					"$(inherited)",
					"@executable_path/Frameworks",
				);
				MARKETING_VERSION = 1.0;
				PRODUCT_BUNDLE_IDENTIFIER = edu.elkraneo.Connect;
				PRODUCT_NAME = "$(TARGET_NAME)";
				SUPPORTED_PLATFORMS = "xros xrsimulator";
				SWIFT_EMIT_LOC_STRINGS = YES;
				SWIFT_VERSION = 5.0;
				TARGETED_DEVICE_FAMILY = "1,2,7";
			};
			name = Debug;
		};
		AEA103202AD2D22300DB4542 /* Release */ = {
			isa = XCBuildConfiguration;
			buildSettings = {
				ASSETCATALOG_COMPILER_APPICON_NAME = AppIcon;
				ASSETCATALOG_COMPILER_GLOBAL_ACCENT_COLOR_NAME = AccentColor;
				CODE_SIGN_STYLE = Automatic;
				CURRENT_PROJECT_VERSION = 1;
				DEVELOPMENT_ASSET_PATHS = "\"Connect/Preview Content\"";
				DEVELOPMENT_TEAM = M92A6H7EPZ;
				ENABLE_PREVIEWS = YES;
				GENERATE_INFOPLIST_FILE = YES;
				INFOPLIST_FILE = "$(TARGET_NAME)/Info.plist";
				INFOPLIST_KEY_CFBundleDisplayName = "Connect Example";
				LD_RUNPATH_SEARCH_PATHS = (
					"$(inherited)",
					"@executable_path/Frameworks",
				);
				MARKETING_VERSION = 1.0;
				PRODUCT_BUNDLE_IDENTIFIER = edu.elkraneo.Connect;
				PRODUCT_NAME = "$(TARGET_NAME)";
				SUPPORTED_PLATFORMS = "xros xrsimulator";
				SWIFT_EMIT_LOC_STRINGS = YES;
				SWIFT_VERSION = 5.0;
				TARGETED_DEVICE_FAMILY = "1,2,7";
			};
			name = Release;
		};
/* End XCBuildConfiguration section */

/* Begin XCConfigurationList section */
		AEA103042AD2D22000DB4542 /* Build configuration list for PBXProject "Connect" */ = {
			isa = XCConfigurationList;
			buildConfigurations = (
				AEA1031C2AD2D22300DB4542 /* Debug */,
				AEA1031D2AD2D22300DB4542 /* Release */,
			);
			defaultConfigurationIsVisible = 0;
			defaultConfigurationName = Release;
		};
		AEA1031E2AD2D22300DB4542 /* Build configuration list for PBXNativeTarget "Connect" */ = {
			isa = XCConfigurationList;
			buildConfigurations = (
				AEA1031F2AD2D22300DB4542 /* Debug */,
				AEA103202AD2D22300DB4542 /* Release */,
			);
			defaultConfigurationIsVisible = 0;
			defaultConfigurationName = Release;
		};
/* End XCConfigurationList section */

/* Begin XCRemoteSwiftPackageReference section */
		40A3D37F2AEC3C0A0044095B /* XCRemoteSwiftPackageReference "reality-check" */ = {
			isa = XCRemoteSwiftPackageReference;
			repositoryURL = "https://github.com/monstar-lab-oss/reality-check/";
			requirement = {
				kind = upToNextMajorVersion;
				minimumVersion = 0.0.2;
			};
		};
/* End XCRemoteSwiftPackageReference section */

/* Begin XCSwiftPackageProductDependency section */
		40A3D37D2AEC3BD80044095B /* RealityCheckConnect */ = {
			isa = XCSwiftPackageProductDependency;
			productName = RealityCheckConnect;
		};
		40A3D3802AEC3C0A0044095B /* RealityCheckConnect */ = {
			isa = XCSwiftPackageProductDependency;
			package = 40A3D37F2AEC3C0A0044095B /* XCRemoteSwiftPackageReference "reality-check" */;
			productName = RealityCheckConnect;
		};
		AEA1030E2AD2D22000DB4542 /* RealityKitContent */ = {
			isa = XCSwiftPackageProductDependency;
			productName = RealityKitContent;
		};
/* End XCSwiftPackageProductDependency section */
	};
	rootObject = AEA103012AD2D22000DB4542 /* Project object */;
}
