// !$*UTF8*$!
{
	archiveVersion = 1;
	classes = {
	};
	objectVersion = 56;
	objects = {

/* Begin PBXBuildFile section */
		4025FC752A0BF68100A8191F /* Sidebar.swift in Sources */ = {isa = PBXBuildFile; fileRef = 4025FC742A0BF68100A8191F /* Sidebar.swift */; };
		402EA02E29F6E43E00BB522F /* EntityDetailView.swift in Sources */ = {isa = PBXBuildFile; fileRef = 402EA02D29F6E43E00BB522F /* EntityDetailView.swift */; };
		4041812A2A1BE1EF003C198E /* ComponentPropertiesView.swift in Sources */ = {isa = PBXBuildFile; fileRef = 404181292A1BE1EF003C198E /* ComponentPropertiesView.swift */; };
		4076368B2A1EBB23008378B6 /* Color+Hash.swift in Sources */ = {isa = PBXBuildFile; fileRef = 4076368A2A1EBB23008378B6 /* Color+Hash.swift */; };
		40876A542A1E0F4A00C96893 /* ConnectionSetupView.swift in Sources */ = {isa = PBXBuildFile; fileRef = 40876A532A1E0F4A00C96893 /* ConnectionSetupView.swift */; };
		40E7518B29F68F0B0083502A /* Assets.xcassets in Resources */ = {isa = PBXBuildFile; fileRef = 40E7517D29F68F0B0083502A /* Assets.xcassets */; };
		40E7518C29F68F0B0083502A /* Preview Assets.xcassets in Resources */ = {isa = PBXBuildFile; fileRef = 40E7517F29F68F0B0083502A /* Preview Assets.xcassets */; };
		40E7518D29F68F0B0083502A /* MainView.swift in Sources */ = {isa = PBXBuildFile; fileRef = 40E7518129F68F0B0083502A /* MainView.swift */; };
		40E7518E29F68F0B0083502A /* RealityCheckApp.swift in Sources */ = {isa = PBXBuildFile; fileRef = 40E7518229F68F0B0083502A /* RealityCheckApp.swift */; };
		40E7519129F68F0B0083502A /* Transform+Rotation.swift in Sources */ = {isa = PBXBuildFile; fileRef = 40E7518629F68F0B0083502A /* Transform+Rotation.swift */; };
		40E7519229F68F0B0083502A /* Comparable+clamp.swift in Sources */ = {isa = PBXBuildFile; fileRef = 40E7518729F68F0B0083502A /* Comparable+clamp.swift */; };
		40E7519329F68F0B0083502A /* Entity+HasCollision.swift in Sources */ = {isa = PBXBuildFile; fileRef = 40E7518829F68F0B0083502A /* Entity+HasCollision.swift */; };
		40E7519429F68F0B0083502A /* Matrix+Utils.swift in Sources */ = {isa = PBXBuildFile; fileRef = 40E7518929F68F0B0083502A /* Matrix+Utils.swift */; };
		40FDE7492A16C94E006BFD32 /* AppFeature in Frameworks */ = {isa = PBXBuildFile; productRef = 40FDE7482A16C94E006BFD32 /* AppFeature */; };
/* End PBXBuildFile section */

/* Begin PBXFileReference section */
		4025FC742A0BF68100A8191F /* Sidebar.swift */ = {isa = PBXFileReference; lastKnownFileType = sourcecode.swift; path = Sidebar.swift; sourceTree = "<group>"; };
		402EA02D29F6E43E00BB522F /* EntityDetailView.swift */ = {isa = PBXFileReference; lastKnownFileType = sourcecode.swift; path = EntityDetailView.swift; sourceTree = "<group>"; };
		404181292A1BE1EF003C198E /* ComponentPropertiesView.swift */ = {isa = PBXFileReference; lastKnownFileType = sourcecode.swift; path = ComponentPropertiesView.swift; sourceTree = "<group>"; };
		4076368A2A1EBB23008378B6 /* Color+Hash.swift */ = {isa = PBXFileReference; lastKnownFileType = sourcecode.swift; path = "Color+Hash.swift"; sourceTree = "<group>"; };
		4086EDAC2A16C326001CFF27 /* AppPackage */ = {isa = PBXFileReference; lastKnownFileType = wrapper; path = AppPackage; sourceTree = "<group>"; };
		40876A532A1E0F4A00C96893 /* ConnectionSetupView.swift */ = {isa = PBXFileReference; lastKnownFileType = sourcecode.swift; path = ConnectionSetupView.swift; sourceTree = "<group>"; };
		408A519C29F68FD6001E7D9B /* RealityCheck.entitlements */ = {isa = PBXFileReference; lastKnownFileType = text.plist.entitlements; path = RealityCheck.entitlements; sourceTree = "<group>"; };
		40BD84CE2A16808400522CED /* RealityCheck-Info.plist */ = {isa = PBXFileReference; lastKnownFileType = text.plist.xml; path = "RealityCheck-Info.plist"; sourceTree = "<group>"; };
		40E7517D29F68F0B0083502A /* Assets.xcassets */ = {isa = PBXFileReference; lastKnownFileType = folder.assetcatalog; path = Assets.xcassets; sourceTree = "<group>"; };
		40E7517F29F68F0B0083502A /* Preview Assets.xcassets */ = {isa = PBXFileReference; lastKnownFileType = folder.assetcatalog; path = "Preview Assets.xcassets"; sourceTree = "<group>"; };
		40E7518129F68F0B0083502A /* MainView.swift */ = {isa = PBXFileReference; fileEncoding = 4; lastKnownFileType = sourcecode.swift; path = MainView.swift; sourceTree = "<group>"; };
		40E7518229F68F0B0083502A /* RealityCheckApp.swift */ = {isa = PBXFileReference; fileEncoding = 4; lastKnownFileType = sourcecode.swift; path = RealityCheckApp.swift; sourceTree = "<group>"; };
		40E7518629F68F0B0083502A /* Transform+Rotation.swift */ = {isa = PBXFileReference; fileEncoding = 4; lastKnownFileType = sourcecode.swift; path = "Transform+Rotation.swift"; sourceTree = "<group>"; };
		40E7518729F68F0B0083502A /* Comparable+clamp.swift */ = {isa = PBXFileReference; fileEncoding = 4; lastKnownFileType = sourcecode.swift; path = "Comparable+clamp.swift"; sourceTree = "<group>"; };
		40E7518829F68F0B0083502A /* Entity+HasCollision.swift */ = {isa = PBXFileReference; fileEncoding = 4; lastKnownFileType = sourcecode.swift; path = "Entity+HasCollision.swift"; sourceTree = "<group>"; };
		40E7518929F68F0B0083502A /* Matrix+Utils.swift */ = {isa = PBXFileReference; fileEncoding = 4; lastKnownFileType = sourcecode.swift; path = "Matrix+Utils.swift"; sourceTree = "<group>"; };
		40FA063C29F66A8500DD5306 /* RealityCheck.app */ = {isa = PBXFileReference; explicitFileType = wrapper.application; includeInIndex = 0; path = RealityCheck.app; sourceTree = BUILT_PRODUCTS_DIR; };
		40FDE74B2A16CBC7006BFD32 /* RealityCheck */ = {isa = PBXFileReference; lastKnownFileType = wrapper; name = RealityCheck; path = ..; sourceTree = "<group>"; };
/* End PBXFileReference section */

/* Begin PBXFrameworksBuildPhase section */
		40FA063929F66A8500DD5306 /* Frameworks */ = {
			isa = PBXFrameworksBuildPhase;
			buildActionMask = 2147483647;
			files = (
				40FDE7492A16C94E006BFD32 /* AppFeature in Frameworks */,
			);
			runOnlyForDeploymentPostprocessing = 0;
		};
/* End PBXFrameworksBuildPhase section */

/* Begin PBXGroup section */
		409B76522A16D2D1001B28E1 /* Packages */ = {
			isa = PBXGroup;
			children = (
				40FDE74B2A16CBC7006BFD32 /* RealityCheck */,
				4086EDAC2A16C326001CFF27 /* AppPackage */,
			);
			name = Packages;
			sourceTree = "<group>";
		};
		40E7517C29F68F0B0083502A /* macOS */ = {
			isa = PBXGroup;
			children = (
				408A519C29F68FD6001E7D9B /* RealityCheck.entitlements */,
				40BD84CE2A16808400522CED /* RealityCheck-Info.plist */,
				404181292A1BE1EF003C198E /* ComponentPropertiesView.swift */,
				40876A532A1E0F4A00C96893 /* ConnectionSetupView.swift */,
				402EA02D29F6E43E00BB522F /* EntityDetailView.swift */,
				40E7518129F68F0B0083502A /* MainView.swift */,
				40E7518229F68F0B0083502A /* RealityCheckApp.swift */,
				4025FC742A0BF68100A8191F /* Sidebar.swift */,
				40E7517D29F68F0B0083502A /* Assets.xcassets */,
				40E7518329F68F0B0083502A /* Debug */,
				40E7517E29F68F0B0083502A /* Preview Content */,
				4076368A2A1EBB23008378B6 /* Color+Hash.swift */,
			);
			path = macOS;
			sourceTree = "<group>";
		};
		40E7517E29F68F0B0083502A /* Preview Content */ = {
			isa = PBXGroup;
			children = (
				40E7517F29F68F0B0083502A /* Preview Assets.xcassets */,
			);
			path = "Preview Content";
			sourceTree = "<group>";
		};
		40E7518329F68F0B0083502A /* Debug */ = {
			isa = PBXGroup;
			children = (
				40E7518629F68F0B0083502A /* Transform+Rotation.swift */,
				40E7518729F68F0B0083502A /* Comparable+clamp.swift */,
				40E7518829F68F0B0083502A /* Entity+HasCollision.swift */,
				40E7518929F68F0B0083502A /* Matrix+Utils.swift */,
			);
			path = Debug;
			sourceTree = "<group>";
		};
		40FA063329F66A8500DD5306 = {
			isa = PBXGroup;
			children = (
				409B76522A16D2D1001B28E1 /* Packages */,
				40E7517C29F68F0B0083502A /* macOS */,
				40FA065129F66C0300DD5306 /* Frameworks */,
				40FA063D29F66A8500DD5306 /* Products */,
			);
			sourceTree = "<group>";
		};
		40FA063D29F66A8500DD5306 /* Products */ = {
			isa = PBXGroup;
			children = (
				40FA063C29F66A8500DD5306 /* RealityCheck.app */,
			);
			name = Products;
			sourceTree = "<group>";
		};
		40FA065129F66C0300DD5306 /* Frameworks */ = {
			isa = PBXGroup;
			children = (
			);
			name = Frameworks;
			sourceTree = "<group>";
		};
/* End PBXGroup section */

/* Begin PBXNativeTarget section */
		40FA063B29F66A8500DD5306 /* RealityCheck */ = {
			isa = PBXNativeTarget;
			buildConfigurationList = 40FA064B29F66A8600DD5306 /* Build configuration list for PBXNativeTarget "RealityCheck" */;
			buildPhases = (
				40FA063829F66A8500DD5306 /* Sources */,
				40FA063929F66A8500DD5306 /* Frameworks */,
				40FA063A29F66A8500DD5306 /* Resources */,
			);
			buildRules = (
			);
			dependencies = (
			);
			name = RealityCheck;
			packageProductDependencies = (
				40FDE7482A16C94E006BFD32 /* AppFeature */,
			);
			productName = RealityCheck;
			productReference = 40FA063C29F66A8500DD5306 /* RealityCheck.app */;
			productType = "com.apple.product-type.application";
		};
/* End PBXNativeTarget section */

/* Begin PBXProject section */
		40FA063429F66A8500DD5306 /* Project object */ = {
			isa = PBXProject;
			attributes = {
				BuildIndependentTargetsInParallel = 1;
				LastSwiftUpdateCheck = 1430;
				LastUpgradeCheck = 1430;
				TargetAttributes = {
					40FA063B29F66A8500DD5306 = {
						CreatedOnToolsVersion = 14.3;
					};
				};
			};
			buildConfigurationList = 40FA063729F66A8500DD5306 /* Build configuration list for PBXProject "RealityCheck" */;
			compatibilityVersion = "Xcode 14.0";
			developmentRegion = en;
			hasScannedForEncodings = 0;
			knownRegions = (
				en,
				Base,
			);
			mainGroup = 40FA063329F66A8500DD5306;
			productRefGroup = 40FA063D29F66A8500DD5306 /* Products */;
			projectDirPath = "";
			projectRoot = "";
			targets = (
				40FA063B29F66A8500DD5306 /* RealityCheck */,
			);
		};
/* End PBXProject section */

/* Begin PBXResourcesBuildPhase section */
		40FA063A29F66A8500DD5306 /* Resources */ = {
			isa = PBXResourcesBuildPhase;
			buildActionMask = 2147483647;
			files = (
				40E7518C29F68F0B0083502A /* Preview Assets.xcassets in Resources */,
				40E7518B29F68F0B0083502A /* Assets.xcassets in Resources */,
			);
			runOnlyForDeploymentPostprocessing = 0;
		};
/* End PBXResourcesBuildPhase section */

/* Begin PBXSourcesBuildPhase section */
		40FA063829F66A8500DD5306 /* Sources */ = {
			isa = PBXSourcesBuildPhase;
			buildActionMask = 2147483647;
			files = (
				4076368B2A1EBB23008378B6 /* Color+Hash.swift in Sources */,
				4025FC752A0BF68100A8191F /* Sidebar.swift in Sources */,
				40E7519429F68F0B0083502A /* Matrix+Utils.swift in Sources */,
				40E7519329F68F0B0083502A /* Entity+HasCollision.swift in Sources */,
				40E7518D29F68F0B0083502A /* MainView.swift in Sources */,
				4041812A2A1BE1EF003C198E /* ComponentPropertiesView.swift in Sources */,
				40E7518E29F68F0B0083502A /* RealityCheckApp.swift in Sources */,
				40876A542A1E0F4A00C96893 /* ConnectionSetupView.swift in Sources */,
				402EA02E29F6E43E00BB522F /* EntityDetailView.swift in Sources */,
				40E7519129F68F0B0083502A /* Transform+Rotation.swift in Sources */,
				40E7519229F68F0B0083502A /* Comparable+clamp.swift in Sources */,
			);
			runOnlyForDeploymentPostprocessing = 0;
		};
/* End PBXSourcesBuildPhase section */

/* Begin XCBuildConfiguration section */
		40FA064929F66A8600DD5306 /* Debug */ = {
			isa = XCBuildConfiguration;
			buildSettings = {
				ALWAYS_SEARCH_USER_PATHS = NO;
				CLANG_ANALYZER_NONNULL = YES;
				CLANG_ANALYZER_NUMBER_OBJECT_CONVERSION = YES_AGGRESSIVE;
				CLANG_CXX_LANGUAGE_STANDARD = "gnu++20";
				CLANG_ENABLE_MODULES = YES;
				CLANG_ENABLE_OBJC_ARC = YES;
				CLANG_ENABLE_OBJC_WEAK = YES;
				CLANG_WARN_BLOCK_CAPTURE_AUTORELEASING = YES;
				CLANG_WARN_BOOL_CONVERSION = YES;
				CLANG_WARN_COMMA = YES;
				CLANG_WARN_CONSTANT_CONVERSION = YES;
				CLANG_WARN_DEPRECATED_OBJC_IMPLEMENTATIONS = YES;
				CLANG_WARN_DIRECT_OBJC_ISA_USAGE = YES_ERROR;
				CLANG_WARN_DOCUMENTATION_COMMENTS = YES;
				CLANG_WARN_EMPTY_BODY = YES;
				CLANG_WARN_ENUM_CONVERSION = YES;
				CLANG_WARN_INFINITE_RECURSION = YES;
				CLANG_WARN_INT_CONVERSION = YES;
				CLANG_WARN_NON_LITERAL_NULL_CONVERSION = YES;
				CLANG_WARN_OBJC_IMPLICIT_RETAIN_SELF = YES;
				CLANG_WARN_OBJC_LITERAL_CONVERSION = YES;
				CLANG_WARN_OBJC_ROOT_CLASS = YES_ERROR;
				CLANG_WARN_QUOTED_INCLUDE_IN_FRAMEWORK_HEADER = YES;
				CLANG_WARN_RANGE_LOOP_ANALYSIS = YES;
				CLANG_WARN_STRICT_PROTOTYPES = YES;
				CLANG_WARN_SUSPICIOUS_MOVE = YES;
				CLANG_WARN_UNGUARDED_AVAILABILITY = YES_AGGRESSIVE;
				CLANG_WARN_UNREACHABLE_CODE = YES;
				CLANG_WARN__DUPLICATE_METHOD_MATCH = YES;
				COPY_PHASE_STRIP = NO;
				DEBUG_INFORMATION_FORMAT = dwarf;
				ENABLE_STRICT_OBJC_MSGSEND = YES;
				ENABLE_TESTABILITY = YES;
				GCC_C_LANGUAGE_STANDARD = gnu11;
				GCC_DYNAMIC_NO_PIC = NO;
				GCC_NO_COMMON_BLOCKS = YES;
				GCC_OPTIMIZATION_LEVEL = 0;
				GCC_PREPROCESSOR_DEFINITIONS = (
					"DEBUG=1",
					"$(inherited)",
				);
				GCC_WARN_64_TO_32_BIT_CONVERSION = YES;
				GCC_WARN_ABOUT_RETURN_TYPE = YES_ERROR;
				GCC_WARN_UNDECLARED_SELECTOR = YES;
				GCC_WARN_UNINITIALIZED_AUTOS = YES_AGGRESSIVE;
				GCC_WARN_UNUSED_FUNCTION = YES;
				GCC_WARN_UNUSED_VARIABLE = YES;
				MTL_ENABLE_DEBUG_INFO = INCLUDE_SOURCE;
				MTL_FAST_MATH = YES;
				ONLY_ACTIVE_ARCH = YES;
				SWIFT_ACTIVE_COMPILATION_CONDITIONS = DEBUG;
				SWIFT_OPTIMIZATION_LEVEL = "-Onone";
			};
			name = Debug;
		};
		40FA064A29F66A8600DD5306 /* Release */ = {
			isa = XCBuildConfiguration;
			buildSettings = {
				ALWAYS_SEARCH_USER_PATHS = NO;
				CLANG_ANALYZER_NONNULL = YES;
				CLANG_ANALYZER_NUMBER_OBJECT_CONVERSION = YES_AGGRESSIVE;
				CLANG_CXX_LANGUAGE_STANDARD = "gnu++20";
				CLANG_ENABLE_MODULES = YES;
				CLANG_ENABLE_OBJC_ARC = YES;
				CLANG_ENABLE_OBJC_WEAK = YES;
				CLANG_WARN_BLOCK_CAPTURE_AUTORELEASING = YES;
				CLANG_WARN_BOOL_CONVERSION = YES;
				CLANG_WARN_COMMA = YES;
				CLANG_WARN_CONSTANT_CONVERSION = YES;
				CLANG_WARN_DEPRECATED_OBJC_IMPLEMENTATIONS = YES;
				CLANG_WARN_DIRECT_OBJC_ISA_USAGE = YES_ERROR;
				CLANG_WARN_DOCUMENTATION_COMMENTS = YES;
				CLANG_WARN_EMPTY_BODY = YES;
				CLANG_WARN_ENUM_CONVERSION = YES;
				CLANG_WARN_INFINITE_RECURSION = YES;
				CLANG_WARN_INT_CONVERSION = YES;
				CLANG_WARN_NON_LITERAL_NULL_CONVERSION = YES;
				CLANG_WARN_OBJC_IMPLICIT_RETAIN_SELF = YES;
				CLANG_WARN_OBJC_LITERAL_CONVERSION = YES;
				CLANG_WARN_OBJC_ROOT_CLASS = YES_ERROR;
				CLANG_WARN_QUOTED_INCLUDE_IN_FRAMEWORK_HEADER = YES;
				CLANG_WARN_RANGE_LOOP_ANALYSIS = YES;
				CLANG_WARN_STRICT_PROTOTYPES = YES;
				CLANG_WARN_SUSPICIOUS_MOVE = YES;
				CLANG_WARN_UNGUARDED_AVAILABILITY = YES_AGGRESSIVE;
				CLANG_WARN_UNREACHABLE_CODE = YES;
				CLANG_WARN__DUPLICATE_METHOD_MATCH = YES;
				COPY_PHASE_STRIP = NO;
				DEBUG_INFORMATION_FORMAT = "dwarf-with-dsym";
				ENABLE_NS_ASSERTIONS = NO;
				ENABLE_STRICT_OBJC_MSGSEND = YES;
				GCC_C_LANGUAGE_STANDARD = gnu11;
				GCC_NO_COMMON_BLOCKS = YES;
				GCC_WARN_64_TO_32_BIT_CONVERSION = YES;
				GCC_WARN_ABOUT_RETURN_TYPE = YES_ERROR;
				GCC_WARN_UNDECLARED_SELECTOR = YES;
				GCC_WARN_UNINITIALIZED_AUTOS = YES_AGGRESSIVE;
				GCC_WARN_UNUSED_FUNCTION = YES;
				GCC_WARN_UNUSED_VARIABLE = YES;
				MTL_ENABLE_DEBUG_INFO = NO;
				MTL_FAST_MATH = YES;
				SWIFT_COMPILATION_MODE = wholemodule;
				SWIFT_OPTIMIZATION_LEVEL = "-O";
			};
			name = Release;
		};
		40FA064C29F66A8600DD5306 /* Debug */ = {
			isa = XCBuildConfiguration;
			buildSettings = {
				ASSETCATALOG_COMPILER_APPICON_NAME = AppIcon;
				ASSETCATALOG_COMPILER_GLOBAL_ACCENT_COLOR_NAME = AccentColor;
				CODE_SIGN_ENTITLEMENTS = macOS/RealityCheck.entitlements;
				"CODE_SIGN_IDENTITY[sdk=macosx*]" = "Apple Development";
				CODE_SIGN_STYLE = Automatic;
				CURRENT_PROJECT_VERSION = 1;
				DEVELOPMENT_ASSET_PATHS = "\"macOS/Preview Content\"";
				DEVELOPMENT_TEAM = M92A6H7EPZ;
				ENABLE_HARDENED_RUNTIME = YES;
				ENABLE_PREVIEWS = YES;
				GENERATE_INFOPLIST_FILE = YES;
				INFOPLIST_FILE = "macOS/RealityCheck-Info.plist";
				INFOPLIST_KEY_NSLocalNetworkUsageDescription = "This application will use local networking to discover nearby devices.";
				"INFOPLIST_KEY_UIApplicationSceneManifest_Generation[sdk=iphoneos*]" = YES;
				"INFOPLIST_KEY_UIApplicationSceneManifest_Generation[sdk=iphonesimulator*]" = YES;
				"INFOPLIST_KEY_UIApplicationSupportsIndirectInputEvents[sdk=iphoneos*]" = YES;
				"INFOPLIST_KEY_UIApplicationSupportsIndirectInputEvents[sdk=iphonesimulator*]" = YES;
				"INFOPLIST_KEY_UILaunchScreen_Generation[sdk=iphoneos*]" = YES;
				"INFOPLIST_KEY_UILaunchScreen_Generation[sdk=iphonesimulator*]" = YES;
				"INFOPLIST_KEY_UIStatusBarStyle[sdk=iphoneos*]" = UIStatusBarStyleDefault;
				"INFOPLIST_KEY_UIStatusBarStyle[sdk=iphonesimulator*]" = UIStatusBarStyleDefault;
				INFOPLIST_KEY_UISupportedInterfaceOrientations_iPad = "UIInterfaceOrientationPortrait UIInterfaceOrientationPortraitUpsideDown UIInterfaceOrientationLandscapeLeft UIInterfaceOrientationLandscapeRight";
				INFOPLIST_KEY_UISupportedInterfaceOrientations_iPhone = "UIInterfaceOrientationPortrait UIInterfaceOrientationLandscapeLeft UIInterfaceOrientationLandscapeRight";
				IPHONEOS_DEPLOYMENT_TARGET = 16.4;
				LD_RUNPATH_SEARCH_PATHS = "@executable_path/Frameworks";
				"LD_RUNPATH_SEARCH_PATHS[sdk=macosx*]" = "@executable_path/../Frameworks";
				MACOSX_DEPLOYMENT_TARGET = 13.0;
				MARKETING_VERSION = 1.0;
				PRODUCT_BUNDLE_IDENTIFIER = com.monstarlab.RealityCheck;
				PRODUCT_NAME = "$(TARGET_NAME)";
				SDKROOT = auto;
				SUPPORTED_PLATFORMS = "iphoneos iphonesimulator macosx";
				SWIFT_EMIT_LOC_STRINGS = YES;
				SWIFT_VERSION = 5.0;
				TARGETED_DEVICE_FAMILY = "1,2";
			};
			name = Debug;
		};
		40FA064D29F66A8600DD5306 /* Release */ = {
			isa = XCBuildConfiguration;
			buildSettings = {
				ASSETCATALOG_COMPILER_APPICON_NAME = AppIcon;
				ASSETCATALOG_COMPILER_GLOBAL_ACCENT_COLOR_NAME = AccentColor;
				CODE_SIGN_ENTITLEMENTS = macOS/RealityCheck.entitlements;
				"CODE_SIGN_IDENTITY[sdk=macosx*]" = "Apple Development";
				CODE_SIGN_STYLE = Automatic;
				CURRENT_PROJECT_VERSION = 1;
				DEVELOPMENT_ASSET_PATHS = "\"macOS/Preview Content\"";
				DEVELOPMENT_TEAM = M92A6H7EPZ;
				ENABLE_HARDENED_RUNTIME = YES;
				ENABLE_PREVIEWS = YES;
				GENERATE_INFOPLIST_FILE = YES;
				INFOPLIST_FILE = "macOS/RealityCheck-Info.plist";
				INFOPLIST_KEY_NSLocalNetworkUsageDescription = "This application will use local networking to discover nearby devices.";
				"INFOPLIST_KEY_UIApplicationSceneManifest_Generation[sdk=iphoneos*]" = YES;
				"INFOPLIST_KEY_UIApplicationSceneManifest_Generation[sdk=iphonesimulator*]" = YES;
				"INFOPLIST_KEY_UIApplicationSupportsIndirectInputEvents[sdk=iphoneos*]" = YES;
				"INFOPLIST_KEY_UIApplicationSupportsIndirectInputEvents[sdk=iphonesimulator*]" = YES;
				"INFOPLIST_KEY_UILaunchScreen_Generation[sdk=iphoneos*]" = YES;
				"INFOPLIST_KEY_UILaunchScreen_Generation[sdk=iphonesimulator*]" = YES;
				"INFOPLIST_KEY_UIStatusBarStyle[sdk=iphoneos*]" = UIStatusBarStyleDefault;
				"INFOPLIST_KEY_UIStatusBarStyle[sdk=iphonesimulator*]" = UIStatusBarStyleDefault;
				INFOPLIST_KEY_UISupportedInterfaceOrientations_iPad = "UIInterfaceOrientationPortrait UIInterfaceOrientationPortraitUpsideDown UIInterfaceOrientationLandscapeLeft UIInterfaceOrientationLandscapeRight";
				INFOPLIST_KEY_UISupportedInterfaceOrientations_iPhone = "UIInterfaceOrientationPortrait UIInterfaceOrientationLandscapeLeft UIInterfaceOrientationLandscapeRight";
				IPHONEOS_DEPLOYMENT_TARGET = 16.4;
				LD_RUNPATH_SEARCH_PATHS = "@executable_path/Frameworks";
				"LD_RUNPATH_SEARCH_PATHS[sdk=macosx*]" = "@executable_path/../Frameworks";
				MACOSX_DEPLOYMENT_TARGET = 13.0;
				MARKETING_VERSION = 1.0;
				PRODUCT_BUNDLE_IDENTIFIER = com.monstarlab.RealityCheck;
				PRODUCT_NAME = "$(TARGET_NAME)";
				SDKROOT = auto;
				SUPPORTED_PLATFORMS = "iphoneos iphonesimulator macosx";
				SWIFT_EMIT_LOC_STRINGS = YES;
				SWIFT_VERSION = 5.0;
				TARGETED_DEVICE_FAMILY = "1,2";
			};
			name = Release;
		};
/* End XCBuildConfiguration section */

/* Begin XCConfigurationList section */
		40FA063729F66A8500DD5306 /* Build configuration list for PBXProject "RealityCheck" */ = {
			isa = XCConfigurationList;
			buildConfigurations = (
				40FA064929F66A8600DD5306 /* Debug */,
				40FA064A29F66A8600DD5306 /* Release */,
			);
			defaultConfigurationIsVisible = 0;
			defaultConfigurationName = Release;
		};
		40FA064B29F66A8600DD5306 /* Build configuration list for PBXNativeTarget "RealityCheck" */ = {
			isa = XCConfigurationList;
			buildConfigurations = (
				40FA064C29F66A8600DD5306 /* Debug */,
				40FA064D29F66A8600DD5306 /* Release */,
			);
			defaultConfigurationIsVisible = 0;
			defaultConfigurationName = Release;
		};
/* End XCConfigurationList section */

/* Begin XCSwiftPackageProductDependency section */
		40FDE7482A16C94E006BFD32 /* AppFeature */ = {
			isa = XCSwiftPackageProductDependency;
			productName = AppFeature;
		};
/* End XCSwiftPackageProductDependency section */
	};
	rootObject = 40FA063429F66A8500DD5306 /* Project object */;
}
