// !$*UTF8*$!
{
	archiveVersion = 1;
	classes = {
	};
	objectVersion = 56;
	objects = {

/* Begin PBXBuildFile section */
		40111A902A2DE46000C2B5D2 /* AppDelegate.swift in Sources */ = {isa = PBXBuildFile; fileRef = 40111A8F2A2DE46000C2B5D2 /* AppDelegate.swift */; };
		40111A922A2DE46000C2B5D2 /* ViewController.swift in Sources */ = {isa = PBXBuildFile; fileRef = 40111A912A2DE46000C2B5D2 /* ViewController.swift */; };
		40111A942A2DE46000C2B5D2 /* Experience.rcproject in Sources */ = {isa = PBXBuildFile; fileRef = 40111A932A2DE46000C2B5D2 /* Experience.rcproject */; };
		40111A972A2DE46000C2B5D2 /* Main.storyboard in Resources */ = {isa = PBXBuildFile; fileRef = 40111A952A2DE46000C2B5D2 /* Main.storyboard */; };
		40111A992A2DE46100C2B5D2 /* Assets.xcassets in Resources */ = {isa = PBXBuildFile; fileRef = 40111A982A2DE46100C2B5D2 /* Assets.xcassets */; };
		40111A9C2A2DE46100C2B5D2 /* LaunchScreen.storyboard in Resources */ = {isa = PBXBuildFile; fileRef = 40111A9A2A2DE46100C2B5D2 /* LaunchScreen.storyboard */; };
		40111AA42A2DE4C500C2B5D2 /* RealityCheck in Resources */ = {isa = PBXBuildFile; fileRef = 40111AA32A2DE4C500C2B5D2 /* RealityCheck */; };
		40380ABF2AFC03DD0052C7CF /* RealityCheckConnect in Frameworks */ = {isa = PBXBuildFile; productRef = 40380ABE2AFC03DD0052C7CF /* RealityCheckConnect */; };
/* End PBXBuildFile section */

/* Begin PBXFileReference section */
		40111A8C2A2DE46000C2B5D2 /* UIKitStoryboard.app */ = {isa = PBXFileReference; explicitFileType = wrapper.application; includeInIndex = 0; path = UIKitStoryboard.app; sourceTree = BUILT_PRODUCTS_DIR; };
		40111A8F2A2DE46000C2B5D2 /* AppDelegate.swift */ = {isa = PBXFileReference; lastKnownFileType = sourcecode.swift; path = AppDelegate.swift; sourceTree = "<group>"; };
		40111A912A2DE46000C2B5D2 /* ViewController.swift */ = {isa = PBXFileReference; lastKnownFileType = sourcecode.swift; path = ViewController.swift; sourceTree = "<group>"; };
		40111A932A2DE46000C2B5D2 /* Experience.rcproject */ = {isa = PBXFileReference; lastKnownFileType = file.rcproject; path = Experience.rcproject; sourceTree = "<group>"; };
		40111A962A2DE46000C2B5D2 /* Base */ = {isa = PBXFileReference; lastKnownFileType = file.storyboard; name = Base; path = Base.lproj/Main.storyboard; sourceTree = "<group>"; };
		40111A982A2DE46100C2B5D2 /* Assets.xcassets */ = {isa = PBXFileReference; lastKnownFileType = folder.assetcatalog; path = Assets.xcassets; sourceTree = "<group>"; };
		40111A9B2A2DE46100C2B5D2 /* Base */ = {isa = PBXFileReference; lastKnownFileType = file.storyboard; name = Base; path = Base.lproj/LaunchScreen.storyboard; sourceTree = "<group>"; };
		40111AA32A2DE4C500C2B5D2 /* RealityCheck */ = {isa = PBXFileReference; lastKnownFileType = wrapper; name = RealityCheck; path = ../..; sourceTree = "<group>"; };
		40111AA82A2DE68000C2B5D2 /* Info.plist */ = {isa = PBXFileReference; lastKnownFileType = text.plist; path = Info.plist; sourceTree = "<group>"; };
/* End PBXFileReference section */

/* Begin PBXFrameworksBuildPhase section */
		40111A892A2DE46000C2B5D2 /* Frameworks */ = {
			isa = PBXFrameworksBuildPhase;
			buildActionMask = 2147483647;
			files = (
				40380ABF2AFC03DD0052C7CF /* RealityCheckConnect in Frameworks */,
			);
			runOnlyForDeploymentPostprocessing = 0;
		};
/* End PBXFrameworksBuildPhase section */

/* Begin PBXGroup section */
		40111A832A2DE46000C2B5D2 = {
			isa = PBXGroup;
			children = (
				40111AA22A2DE4BB00C2B5D2 /* Packages */,
				40111A8E2A2DE46000C2B5D2 /* UIKitStoryboard */,
				40111A8D2A2DE46000C2B5D2 /* Products */,
				40111AA52A2DE4D700C2B5D2 /* Frameworks */,
			);
			sourceTree = "<group>";
		};
		40111A8D2A2DE46000C2B5D2 /* Products */ = {
			isa = PBXGroup;
			children = (
				40111A8C2A2DE46000C2B5D2 /* UIKitStoryboard.app */,
			);
			name = Products;
			sourceTree = "<group>";
		};
		40111A8E2A2DE46000C2B5D2 /* UIKitStoryboard */ = {
			isa = PBXGroup;
			children = (
				40111AA82A2DE68000C2B5D2 /* Info.plist */,
				40111A8F2A2DE46000C2B5D2 /* AppDelegate.swift */,
				40111A912A2DE46000C2B5D2 /* ViewController.swift */,
				40111A932A2DE46000C2B5D2 /* Experience.rcproject */,
				40111A952A2DE46000C2B5D2 /* Main.storyboard */,
				40111A982A2DE46100C2B5D2 /* Assets.xcassets */,
				40111A9A2A2DE46100C2B5D2 /* LaunchScreen.storyboard */,
			);
			path = UIKitStoryboard;
			sourceTree = "<group>";
		};
		40111AA22A2DE4BB00C2B5D2 /* Packages */ = {
			isa = PBXGroup;
			children = (
				40111AA32A2DE4C500C2B5D2 /* RealityCheck */,
			);
			name = Packages;
			sourceTree = "<group>";
		};
		40111AA52A2DE4D700C2B5D2 /* Frameworks */ = {
			isa = PBXGroup;
			children = (
			);
			name = Frameworks;
			sourceTree = "<group>";
		};
/* End PBXGroup section */

/* Begin PBXNativeTarget section */
		40111A8B2A2DE46000C2B5D2 /* UIKitStoryboard */ = {
			isa = PBXNativeTarget;
			buildConfigurationList = 40111A9F2A2DE46100C2B5D2 /* Build configuration list for PBXNativeTarget "UIKitStoryboard" */;
			buildPhases = (
				40111A882A2DE46000C2B5D2 /* Sources */,
				40111A892A2DE46000C2B5D2 /* Frameworks */,
				40111A8A2A2DE46000C2B5D2 /* Resources */,
			);
			buildRules = (
			);
			dependencies = (
			);
			name = UIKitStoryboard;
			packageProductDependencies = (
				40380ABE2AFC03DD0052C7CF /* RealityCheckConnect */,
			);
			productName = UIKitStoryboard;
			productReference = 40111A8C2A2DE46000C2B5D2 /* UIKitStoryboard.app */;
			productType = "com.apple.product-type.application";
		};
/* End PBXNativeTarget section */

/* Begin PBXProject section */
		40111A842A2DE46000C2B5D2 /* Project object */ = {
			isa = PBXProject;
			attributes = {
				BuildIndependentTargetsInParallel = 1;
				LastSwiftUpdateCheck = 1430;
				LastUpgradeCheck = 1430;
				TargetAttributes = {
					40111A8B2A2DE46000C2B5D2 = {
						CreatedOnToolsVersion = 14.3.1;
					};
				};
			};
			buildConfigurationList = 40111A872A2DE46000C2B5D2 /* Build configuration list for PBXProject "UIKitStoryboard" */;
			compatibilityVersion = "Xcode 14.0";
			developmentRegion = en;
			hasScannedForEncodings = 0;
			knownRegions = (
				en,
				Base,
			);
			mainGroup = 40111A832A2DE46000C2B5D2;
			productRefGroup = 40111A8D2A2DE46000C2B5D2 /* Products */;
			projectDirPath = "";
			projectRoot = "";
			targets = (
				40111A8B2A2DE46000C2B5D2 /* UIKitStoryboard */,
			);
		};
/* End PBXProject section */

/* Begin PBXResourcesBuildPhase section */
		40111A8A2A2DE46000C2B5D2 /* Resources */ = {
			isa = PBXResourcesBuildPhase;
			buildActionMask = 2147483647;
			files = (
				40111AA42A2DE4C500C2B5D2 /* RealityCheck in Resources */,
				40111A9C2A2DE46100C2B5D2 /* LaunchScreen.storyboard in Resources */,
				40111A992A2DE46100C2B5D2 /* Assets.xcassets in Resources */,
				40111A972A2DE46000C2B5D2 /* Main.storyboard in Resources */,
			);
			runOnlyForDeploymentPostprocessing = 0;
		};
/* End PBXResourcesBuildPhase section */

/* Begin PBXSourcesBuildPhase section */
		40111A882A2DE46000C2B5D2 /* Sources */ = {
			isa = PBXSourcesBuildPhase;
			buildActionMask = 2147483647;
			files = (
				40111A922A2DE46000C2B5D2 /* ViewController.swift in Sources */,
				40111A902A2DE46000C2B5D2 /* AppDelegate.swift in Sources */,
				40111A942A2DE46000C2B5D2 /* Experience.rcproject in Sources */,
			);
			runOnlyForDeploymentPostprocessing = 0;
		};
/* End PBXSourcesBuildPhase section */

/* Begin PBXVariantGroup section */
		40111A952A2DE46000C2B5D2 /* Main.storyboard */ = {
			isa = PBXVariantGroup;
			children = (
				40111A962A2DE46000C2B5D2 /* Base */,
			);
			name = Main.storyboard;
			sourceTree = "<group>";
		};
		40111A9A2A2DE46100C2B5D2 /* LaunchScreen.storyboard */ = {
			isa = PBXVariantGroup;
			children = (
				40111A9B2A2DE46100C2B5D2 /* Base */,
			);
			name = LaunchScreen.storyboard;
			sourceTree = "<group>";
		};
/* End PBXVariantGroup section */

/* Begin XCBuildConfiguration section */
		40111A9D2A2DE46100C2B5D2 /* Debug */ = {
			isa = XCBuildConfiguration;
			buildSettings = {
				ALWAYS_SEARCH_USER_PATHS = NO;
				CLANG_ANALYZER_NONNULL = YES;
				CLANG_ANALYZER_NUMBER_OBJECT_CONVERSION = YES_AGGRESSIVE;
				CLANG_CXX_LANGUAGE_STANDARD = "gnu++20";
				CLANG_ENABLE_MODULES = YES;
				CLANG_ENABLE_OBJC_ARC = YES;
				CLANG_ENABLE_OBJC_WEAK = YES;
				CLANG_WARN_BLOCK_CAPTURE_AUTORELEASING = YES;
				CLANG_WARN_BOOL_CONVERSION = YES;
				CLANG_WARN_COMMA = YES;
				CLANG_WARN_CONSTANT_CONVERSION = YES;
				CLANG_WARN_DEPRECATED_OBJC_IMPLEMENTATIONS = YES;
				CLANG_WARN_DIRECT_OBJC_ISA_USAGE = YES_ERROR;
				CLANG_WARN_DOCUMENTATION_COMMENTS = YES;
				CLANG_WARN_EMPTY_BODY = YES;
				CLANG_WARN_ENUM_CONVERSION = YES;
				CLANG_WARN_INFINITE_RECURSION = YES;
				CLANG_WARN_INT_CONVERSION = YES;
				CLANG_WARN_NON_LITERAL_NULL_CONVERSION = YES;
				CLANG_WARN_OBJC_IMPLICIT_RETAIN_SELF = YES;
				CLANG_WARN_OBJC_LITERAL_CONVERSION = YES;
				CLANG_WARN_OBJC_ROOT_CLASS = YES_ERROR;
				CLANG_WARN_QUOTED_INCLUDE_IN_FRAMEWORK_HEADER = YES;
				CLANG_WARN_RANGE_LOOP_ANALYSIS = YES;
				CLANG_WARN_STRICT_PROTOTYPES = YES;
				CLANG_WARN_SUSPICIOUS_MOVE = YES;
				CLANG_WARN_UNGUARDED_AVAILABILITY = YES_AGGRESSIVE;
				CLANG_WARN_UNREACHABLE_CODE = YES;
				CLANG_WARN__DUPLICATE_METHOD_MATCH = YES;
				COPY_PHASE_STRIP = NO;
				DEBUG_INFORMATION_FORMAT = dwarf;
				ENABLE_STRICT_OBJC_MSGSEND = YES;
				ENABLE_TESTABILITY = YES;
				GCC_C_LANGUAGE_STANDARD = gnu11;
				GCC_DYNAMIC_NO_PIC = NO;
				GCC_NO_COMMON_BLOCKS = YES;
				GCC_OPTIMIZATION_LEVEL = 0;
				GCC_PREPROCESSOR_DEFINITIONS = (
					"DEBUG=1",
					"$(inherited)",
				);
				GCC_WARN_64_TO_32_BIT_CONVERSION = YES;
				GCC_WARN_ABOUT_RETURN_TYPE = YES_ERROR;
				GCC_WARN_UNDECLARED_SELECTOR = YES;
				GCC_WARN_UNINITIALIZED_AUTOS = YES_AGGRESSIVE;
				GCC_WARN_UNUSED_FUNCTION = YES;
				GCC_WARN_UNUSED_VARIABLE = YES;
				IPHONEOS_DEPLOYMENT_TARGET = 16.4;
				MTL_ENABLE_DEBUG_INFO = INCLUDE_SOURCE;
				MTL_FAST_MATH = YES;
				ONLY_ACTIVE_ARCH = YES;
				SDKROOT = iphoneos;
				SWIFT_ACTIVE_COMPILATION_CONDITIONS = DEBUG;
				SWIFT_OPTIMIZATION_LEVEL = "-Onone";
			};
			name = Debug;
		};
		40111A9E2A2DE46100C2B5D2 /* Release */ = {
			isa = XCBuildConfiguration;
			buildSettings = {
				ALWAYS_SEARCH_USER_PATHS = NO;
				CLANG_ANALYZER_NONNULL = YES;
				CLANG_ANALYZER_NUMBER_OBJECT_CONVERSION = YES_AGGRESSIVE;
				CLANG_CXX_LANGUAGE_STANDARD = "gnu++20";
				CLANG_ENABLE_MODULES = YES;
				CLANG_ENABLE_OBJC_ARC = YES;
				CLANG_ENABLE_OBJC_WEAK = YES;
				CLANG_WARN_BLOCK_CAPTURE_AUTORELEASING = YES;
				CLANG_WARN_BOOL_CONVERSION = YES;
				CLANG_WARN_COMMA = YES;
				CLANG_WARN_CONSTANT_CONVERSION = YES;
				CLANG_WARN_DEPRECATED_OBJC_IMPLEMENTATIONS = YES;
				CLANG_WARN_DIRECT_OBJC_ISA_USAGE = YES_ERROR;
				CLANG_WARN_DOCUMENTATION_COMMENTS = YES;
				CLANG_WARN_EMPTY_BODY = YES;
				CLANG_WARN_ENUM_CONVERSION = YES;
				CLANG_WARN_INFINITE_RECURSION = YES;
				CLANG_WARN_INT_CONVERSION = YES;
				CLANG_WARN_NON_LITERAL_NULL_CONVERSION = YES;
				CLANG_WARN_OBJC_IMPLICIT_RETAIN_SELF = YES;
				CLANG_WARN_OBJC_LITERAL_CONVERSION = YES;
				CLANG_WARN_OBJC_ROOT_CLASS = YES_ERROR;
				CLANG_WARN_QUOTED_INCLUDE_IN_FRAMEWORK_HEADER = YES;
				CLANG_WARN_RANGE_LOOP_ANALYSIS = YES;
				CLANG_WARN_STRICT_PROTOTYPES = YES;
				CLANG_WARN_SUSPICIOUS_MOVE = YES;
				CLANG_WARN_UNGUARDED_AVAILABILITY = YES_AGGRESSIVE;
				CLANG_WARN_UNREACHABLE_CODE = YES;
				CLANG_WARN__DUPLICATE_METHOD_MATCH = YES;
				COPY_PHASE_STRIP = NO;
				DEBUG_INFORMATION_FORMAT = "dwarf-with-dsym";
				ENABLE_NS_ASSERTIONS = NO;
				ENABLE_STRICT_OBJC_MSGSEND = YES;
				GCC_C_LANGUAGE_STANDARD = gnu11;
				GCC_NO_COMMON_BLOCKS = YES;
				GCC_WARN_64_TO_32_BIT_CONVERSION = YES;
				GCC_WARN_ABOUT_RETURN_TYPE = YES_ERROR;
				GCC_WARN_UNDECLARED_SELECTOR = YES;
				GCC_WARN_UNINITIALIZED_AUTOS = YES_AGGRESSIVE;
				GCC_WARN_UNUSED_FUNCTION = YES;
				GCC_WARN_UNUSED_VARIABLE = YES;
				IPHONEOS_DEPLOYMENT_TARGET = 16.4;
				MTL_ENABLE_DEBUG_INFO = NO;
				MTL_FAST_MATH = YES;
				SDKROOT = iphoneos;
				SWIFT_COMPILATION_MODE = wholemodule;
				SWIFT_OPTIMIZATION_LEVEL = "-O";
				VALIDATE_PRODUCT = YES;
			};
			name = Release;
		};
		40111AA02A2DE46100C2B5D2 /* Debug */ = {
			isa = XCBuildConfiguration;
			buildSettings = {
				ASSETCATALOG_COMPILER_APPICON_NAME = AppIcon;
				ASSETCATALOG_COMPILER_GLOBAL_ACCENT_COLOR_NAME = AccentColor;
				CODE_SIGN_STYLE = Automatic;
				CURRENT_PROJECT_VERSION = 1;
				DEVELOPMENT_TEAM = M92A6H7EPZ;
				GENERATE_INFOPLIST_FILE = YES;
				INFOPLIST_FILE = UIKitStoryboard/Info.plist;
				INFOPLIST_KEY_NSCameraUsageDescription = "";
				INFOPLIST_KEY_UIApplicationSupportsIndirectInputEvents = YES;
				INFOPLIST_KEY_UILaunchStoryboardName = LaunchScreen;
				INFOPLIST_KEY_UIMainStoryboardFile = Main;
				INFOPLIST_KEY_UIRequiredDeviceCapabilities = arkit;
				INFOPLIST_KEY_UIStatusBarHidden = YES;
				INFOPLIST_KEY_UISupportedInterfaceOrientations_iPad = "UIInterfaceOrientationPortrait UIInterfaceOrientationPortraitUpsideDown UIInterfaceOrientationLandscapeLeft UIInterfaceOrientationLandscapeRight";
				INFOPLIST_KEY_UISupportedInterfaceOrientations_iPhone = "UIInterfaceOrientationPortrait UIInterfaceOrientationLandscapeLeft UIInterfaceOrientationLandscapeRight";
				LD_RUNPATH_SEARCH_PATHS = (
					"$(inherited)",
					"@executable_path/Frameworks",
				);
				MARKETING_VERSION = 1.0;
				PRODUCT_BUNDLE_IDENTIFIER = com.monstarlab.UIKitStoryboard;
				PRODUCT_NAME = "$(TARGET_NAME)";
				SWIFT_EMIT_LOC_STRINGS = YES;
				SWIFT_VERSION = 5.0;
				TARGETED_DEVICE_FAMILY = "1,2";
			};
			name = Debug;
		};
		40111AA12A2DE46100C2B5D2 /* Release */ = {
			isa = XCBuildConfiguration;
			buildSettings = {
				ASSETCATALOG_COMPILER_APPICON_NAME = AppIcon;
				ASSETCATALOG_COMPILER_GLOBAL_ACCENT_COLOR_NAME = AccentColor;
				CODE_SIGN_STYLE = Automatic;
				CURRENT_PROJECT_VERSION = 1;
				DEVELOPMENT_TEAM = M92A6H7EPZ;
				GENERATE_INFOPLIST_FILE = YES;
				INFOPLIST_FILE = UIKitStoryboard/Info.plist;
				INFOPLIST_KEY_NSCameraUsageDescription = "";
				INFOPLIST_KEY_UIApplicationSupportsIndirectInputEvents = YES;
				INFOPLIST_KEY_UILaunchStoryboardName = LaunchScreen;
				INFOPLIST_KEY_UIMainStoryboardFile = Main;
				INFOPLIST_KEY_UIRequiredDeviceCapabilities = arkit;
				INFOPLIST_KEY_UIStatusBarHidden = YES;
				INFOPLIST_KEY_UISupportedInterfaceOrientations_iPad = "UIInterfaceOrientationPortrait UIInterfaceOrientationPortraitUpsideDown UIInterfaceOrientationLandscapeLeft UIInterfaceOrientationLandscapeRight";
				INFOPLIST_KEY_UISupportedInterfaceOrientations_iPhone = "UIInterfaceOrientationPortrait UIInterfaceOrientationLandscapeLeft UIInterfaceOrientationLandscapeRight";
				LD_RUNPATH_SEARCH_PATHS = (
					"$(inherited)",
					"@executable_path/Frameworks",
				);
				MARKETING_VERSION = 1.0;
				PRODUCT_BUNDLE_IDENTIFIER = com.monstarlab.UIKitStoryboard;
				PRODUCT_NAME = "$(TARGET_NAME)";
				SWIFT_EMIT_LOC_STRINGS = YES;
				SWIFT_VERSION = 5.0;
				TARGETED_DEVICE_FAMILY = "1,2";
			};
			name = Release;
		};
/* End XCBuildConfiguration section */

/* Begin XCConfigurationList section */
		40111A872A2DE46000C2B5D2 /* Build configuration list for PBXProject "UIKitStoryboard" */ = {
			isa = XCConfigurationList;
			buildConfigurations = (
				40111A9D2A2DE46100C2B5D2 /* Debug */,
				40111A9E2A2DE46100C2B5D2 /* Release */,
			);
			defaultConfigurationIsVisible = 0;
			defaultConfigurationName = Release;
		};
		40111A9F2A2DE46100C2B5D2 /* Build configuration list for PBXNativeTarget "UIKitStoryboard" */ = {
			isa = XCConfigurationList;
			buildConfigurations = (
				40111AA02A2DE46100C2B5D2 /* Debug */,
				40111AA12A2DE46100C2B5D2 /* Release */,
			);
			defaultConfigurationIsVisible = 0;
			defaultConfigurationName = Release;
		};
/* End XCConfigurationList section */

/* Begin XCSwiftPackageProductDependency section */
		40380ABE2AFC03DD0052C7CF /* RealityCheckConnect */ = {
			isa = XCSwiftPackageProductDependency;
			productName = RealityCheckConnect;
		};
/* End XCSwiftPackageProductDependency section */
	};
	rootObject = 40111A842A2DE46000C2B5D2 /* Project object */;
}
