// !$*UTF8*$!
{
	archiveVersion = 1;
	classes = {
	};
	objectVersion = 56;
	objects = {

/* Begin PBXBuildFile section */
		403DA45A2A4DBC00005A7748 /* RealityKitContent in Frameworks */ = {isa = PBXBuildFile; productRef = 403DA4592A4DBC00005A7748 /* RealityKitContent */; };
		403DA45C2A4DBC00005A7748 /* SpatialConnectApp.swift in Sources */ = {isa = PBXBuildFile; fileRef = 403DA45B2A4DBC00005A7748 /* SpatialConnectApp.swift */; };
		403DA45E2A4DBC00005A7748 /* ContentView.swift in Sources */ = {isa = PBXBuildFile; fileRef = 403DA45D2A4DBC00005A7748 /* ContentView.swift */; };
		403DA4602A4DBC01005A7748 /* Assets.xcassets in Resources */ = {isa = PBXBuildFile; fileRef = 403DA45F2A4DBC01005A7748 /* Assets.xcassets */; };
		403DA4632A4DBC01005A7748 /* Preview Assets.xcassets in Resources */ = {isa = PBXBuildFile; fileRef = 403DA4622A4DBC01005A7748 /* Preview Assets.xcassets */; };
		403DA46A2A4DBC24005A7748 /* reality-check in Resources */ = {isa = PBXBuildFile; fileRef = 403DA4692A4DBC24005A7748 /* reality-check */; };
		403DA46D2A4DBC82005A7748 /* RealityCheckConnect in Frameworks */ = {isa = PBXBuildFile; productRef = 403DA46C2A4DBC82005A7748 /* RealityCheckConnect */; };
/* End PBXBuildFile section */

/* Begin PBXFileReference section */
		403DA4542A4DBC00005A7748 /* SpatialConnect.app */ = {isa = PBXFileReference; explicitFileType = wrapper.application; includeInIndex = 0; path = SpatialConnect.app; sourceTree = BUILT_PRODUCTS_DIR; };
		403DA4582A4DBC00005A7748 /* RealityKitContent */ = {isa = PBXFileReference; lastKnownFileType = wrapper; path = RealityKitContent; sourceTree = "<group>"; };
		403DA45B2A4DBC00005A7748 /* SpatialConnectApp.swift */ = {isa = PBXFileReference; lastKnownFileType = sourcecode.swift; path = SpatialConnectApp.swift; sourceTree = "<group>"; };
		403DA45D2A4DBC00005A7748 /* ContentView.swift */ = {isa = PBXFileReference; lastKnownFileType = sourcecode.swift; path = ContentView.swift; sourceTree = "<group>"; };
		403DA45F2A4DBC01005A7748 /* Assets.xcassets */ = {isa = PBXFileReference; lastKnownFileType = folder.assetcatalog; path = Assets.xcassets; sourceTree = "<group>"; };
		403DA4622A4DBC01005A7748 /* Preview Assets.xcassets */ = {isa = PBXFileReference; lastKnownFileType = folder.assetcatalog; path = "Preview Assets.xcassets"; sourceTree = "<group>"; };
		403DA4692A4DBC24005A7748 /* reality-check */ = {isa = PBXFileReference; lastKnownFileType = wrapper; name = "reality-check"; path = ../../..; sourceTree = "<group>"; };
/* End PBXFileReference section */

/* Begin PBXFrameworksBuildPhase section */
		403DA4512A4DBC00005A7748 /* Frameworks */ = {
			isa = PBXFrameworksBuildPhase;
			buildActionMask = 2147483647;
			files = (
				403DA45A2A4DBC00005A7748 /* RealityKitContent in Frameworks */,
				403DA46D2A4DBC82005A7748 /* RealityCheckConnect in Frameworks */,
			);
			runOnlyForDeploymentPostprocessing = 0;
		};
/* End PBXFrameworksBuildPhase section */

/* Begin PBXGroup section */
		403DA44B2A4DBC00005A7748 = {
			isa = PBXGroup;
			children = (
				403DA46B2A4DBC82005A7748 /* Frameworks */,
				403DA4572A4DBC00005A7748 /* Packages */,
				403DA4552A4DBC00005A7748 /* Products */,
				403DA4562A4DBC00005A7748 /* SpatialConnect */,
			);
			sourceTree = "<group>";
		};
		403DA4552A4DBC00005A7748 /* Products */ = {
			isa = PBXGroup;
			children = (
				403DA4542A4DBC00005A7748 /* SpatialConnect.app */,
			);
			name = Products;
			sourceTree = "<group>";
		};
		403DA4562A4DBC00005A7748 /* SpatialConnect */ = {
			isa = PBXGroup;
			children = (
				403DA45B2A4DBC00005A7748 /* SpatialConnectApp.swift */,
				403DA45D2A4DBC00005A7748 /* ContentView.swift */,
				403DA45F2A4DBC01005A7748 /* Assets.xcassets */,
				403DA4612A4DBC01005A7748 /* Preview Content */,
			);
			path = SpatialConnect;
			sourceTree = "<group>";
		};
		403DA4572A4DBC00005A7748 /* Packages */ = {
			isa = PBXGroup;
			children = (
				403DA4692A4DBC24005A7748 /* reality-check */,
				403DA4582A4DBC00005A7748 /* RealityKitContent */,
			);
			path = Packages;
			sourceTree = "<group>";
		};
		403DA4612A4DBC01005A7748 /* Preview Content */ = {
			isa = PBXGroup;
			children = (
				403DA4622A4DBC01005A7748 /* Preview Assets.xcassets */,
			);
			path = "Preview Content";
			sourceTree = "<group>";
		};
		403DA46B2A4DBC82005A7748 /* Frameworks */ = {
			isa = PBXGroup;
			children = (
			);
			name = Frameworks;
			sourceTree = "<group>";
		};
/* End PBXGroup section */

/* Begin PBXNativeTarget section */
		403DA4532A4DBC00005A7748 /* SpatialConnect */ = {
			isa = PBXNativeTarget;
			buildConfigurationList = 403DA4662A4DBC01005A7748 /* Build configuration list for PBXNativeTarget "SpatialConnect" */;
			buildPhases = (
				403DA4502A4DBC00005A7748 /* Sources */,
				403DA4512A4DBC00005A7748 /* Frameworks */,
				403DA4522A4DBC00005A7748 /* Resources */,
			);
			buildRules = (
			);
			dependencies = (
			);
			name = SpatialConnect;
			packageProductDependencies = (
				403DA4592A4DBC00005A7748 /* RealityKitContent */,
				403DA46C2A4DBC82005A7748 /* RealityCheckConnect */,
			);
			productName = SpatialConnect;
			productReference = 403DA4542A4DBC00005A7748 /* SpatialConnect.app */;
			productType = "com.apple.product-type.application";
		};
/* End PBXNativeTarget section */

/* Begin PBXProject section */
		403DA44C2A4DBC00005A7748 /* Project object */ = {
			isa = PBXProject;
			attributes = {
				BuildIndependentTargetsInParallel = 1;
				LastSwiftUpdateCheck = 1500;
				LastUpgradeCheck = 1500;
				TargetAttributes = {
					403DA4532A4DBC00005A7748 = {
						CreatedOnToolsVersion = 15.0;
					};
				};
			};
			buildConfigurationList = 403DA44F2A4DBC00005A7748 /* Build configuration list for PBXProject "SpatialConnect" */;
			compatibilityVersion = "Xcode 14.0";
			developmentRegion = en;
			hasScannedForEncodings = 0;
			knownRegions = (
				en,
				Base,
			);
			mainGroup = 403DA44B2A4DBC00005A7748;
			productRefGroup = 403DA4552A4DBC00005A7748 /* Products */;
			projectDirPath = "";
			projectRoot = "";
			targets = (
				403DA4532A4DBC00005A7748 /* SpatialConnect */,
			);
		};
/* End PBXProject section */

/* Begin PBXResourcesBuildPhase section */
		403DA4522A4DBC00005A7748 /* Resources */ = {
			isa = PBXResourcesBuildPhase;
			buildActionMask = 2147483647;
			files = (
				403DA46A2A4DBC24005A7748 /* reality-check in Resources */,
				403DA4632A4DBC01005A7748 /* Preview Assets.xcassets in Resources */,
				403DA4602A4DBC01005A7748 /* Assets.xcassets in Resources */,
			);
			runOnlyForDeploymentPostprocessing = 0;
		};
/* End PBXResourcesBuildPhase section */

/* Begin PBXSourcesBuildPhase section */
		403DA4502A4DBC00005A7748 /* Sources */ = {
			isa = PBXSourcesBuildPhase;
			buildActionMask = 2147483647;
			files = (
				403DA45E2A4DBC00005A7748 /* ContentView.swift in Sources */,
				403DA45C2A4DBC00005A7748 /* SpatialConnectApp.swift in Sources */,
			);
			runOnlyForDeploymentPostprocessing = 0;
		};
/* End PBXSourcesBuildPhase section */

/* Begin XCBuildConfiguration section */
		403DA4642A4DBC01005A7748 /* Debug */ = {
			isa = XCBuildConfiguration;
			buildSettings = {
				ALWAYS_SEARCH_USER_PATHS = NO;
				ASSETCATALOG_COMPILER_GENERATE_SWIFT_ASSET_SYMBOL_EXTENSIONS = YES;
				CLANG_ANALYZER_NONNULL = YES;
				CLANG_ANALYZER_NUMBER_OBJECT_CONVERSION = YES_AGGRESSIVE;
				CLANG_CXX_LANGUAGE_STANDARD = "gnu++20";
				CLANG_ENABLE_MODULES = YES;
				CLANG_ENABLE_OBJC_ARC = YES;
				CLANG_ENABLE_OBJC_WEAK = YES;
				CLANG_WARN_BLOCK_CAPTURE_AUTORELEASING = YES;
				CLANG_WARN_BOOL_CONVERSION = YES;
				CLANG_WARN_COMMA = YES;
				CLANG_WARN_CONSTANT_CONVERSION = YES;
				CLANG_WARN_DEPRECATED_OBJC_IMPLEMENTATIONS = YES;
				CLANG_WARN_DIRECT_OBJC_ISA_USAGE = YES_ERROR;
				CLANG_WARN_DOCUMENTATION_COMMENTS = YES;
				CLANG_WARN_EMPTY_BODY = YES;
				CLANG_WARN_ENUM_CONVERSION = YES;
				CLANG_WARN_INFINITE_RECURSION = YES;
				CLANG_WARN_INT_CONVERSION = YES;
				CLANG_WARN_NON_LITERAL_NULL_CONVERSION = YES;
				CLANG_WARN_OBJC_IMPLICIT_RETAIN_SELF = YES;
				CLANG_WARN_OBJC_LITERAL_CONVERSION = YES;
				CLANG_WARN_OBJC_ROOT_CLASS = YES_ERROR;
				CLANG_WARN_QUOTED_INCLUDE_IN_FRAMEWORK_HEADER = YES;
				CLANG_WARN_RANGE_LOOP_ANALYSIS = YES;
				CLANG_WARN_STRICT_PROTOTYPES = YES;
				CLANG_WARN_SUSPICIOUS_MOVE = YES;
				CLANG_WARN_UNGUARDED_AVAILABILITY = YES_AGGRESSIVE;
				CLANG_WARN_UNREACHABLE_CODE = YES;
				CLANG_WARN__DUPLICATE_METHOD_MATCH = YES;
				COPY_PHASE_STRIP = NO;
				DEBUG_INFORMATION_FORMAT = dwarf;
				ENABLE_STRICT_OBJC_MSGSEND = YES;
				ENABLE_TESTABILITY = YES;
				ENABLE_USER_SCRIPT_SANDBOXING = YES;
				GCC_C_LANGUAGE_STANDARD = gnu17;
				GCC_DYNAMIC_NO_PIC = NO;
				GCC_NO_COMMON_BLOCKS = YES;
				GCC_OPTIMIZATION_LEVEL = 0;
				GCC_PREPROCESSOR_DEFINITIONS = (
					"DEBUG=1",
					"$(inherited)",
				);
				GCC_WARN_64_TO_32_BIT_CONVERSION = YES;
				GCC_WARN_ABOUT_RETURN_TYPE = YES_ERROR;
				GCC_WARN_UNDECLARED_SELECTOR = YES;
				GCC_WARN_UNINITIALIZED_AUTOS = YES_AGGRESSIVE;
				GCC_WARN_UNUSED_FUNCTION = YES;
				GCC_WARN_UNUSED_VARIABLE = YES;
				LOCALIZATION_PREFERS_STRING_CATALOGS = YES;
				MTL_ENABLE_DEBUG_INFO = INCLUDE_SOURCE;
				MTL_FAST_MATH = YES;
				ONLY_ACTIVE_ARCH = YES;
				SDKROOT = xros;
				SWIFT_ACTIVE_COMPILATION_CONDITIONS = "DEBUG $(inherited)";
				SWIFT_OPTIMIZATION_LEVEL = "-Onone";
				XROS_DEPLOYMENT_TARGET = 1.0;
			};
			name = Debug;
		};
		403DA4652A4DBC01005A7748 /* Release */ = {
			isa = XCBuildConfiguration;
			buildSettings = {
				ALWAYS_SEARCH_USER_PATHS = NO;
				ASSETCATALOG_COMPILER_GENERATE_SWIFT_ASSET_SYMBOL_EXTENSIONS = YES;
				CLANG_ANALYZER_NONNULL = YES;
				CLANG_ANALYZER_NUMBER_OBJECT_CONVERSION = YES_AGGRESSIVE;
				CLANG_CXX_LANGUAGE_STANDARD = "gnu++20";
				CLANG_ENABLE_MODULES = YES;
				CLANG_ENABLE_OBJC_ARC = YES;
				CLANG_ENABLE_OBJC_WEAK = YES;
				CLANG_WARN_BLOCK_CAPTURE_AUTORELEASING = YES;
				CLANG_WARN_BOOL_CONVERSION = YES;
				CLANG_WARN_COMMA = YES;
				CLANG_WARN_CONSTANT_CONVERSION = YES;
				CLANG_WARN_DEPRECATED_OBJC_IMPLEMENTATIONS = YES;
				CLANG_WARN_DIRECT_OBJC_ISA_USAGE = YES_ERROR;
				CLANG_WARN_DOCUMENTATION_COMMENTS = YES;
				CLANG_WARN_EMPTY_BODY = YES;
				CLANG_WARN_ENUM_CONVERSION = YES;
				CLANG_WARN_INFINITE_RECURSION = YES;
				CLANG_WARN_INT_CONVERSION = YES;
				CLANG_WARN_NON_LITERAL_NULL_CONVERSION = YES;
				CLANG_WARN_OBJC_IMPLICIT_RETAIN_SELF = YES;
				CLANG_WARN_OBJC_LITERAL_CONVERSION = YES;
				CLANG_WARN_OBJC_ROOT_CLASS = YES_ERROR;
				CLANG_WARN_QUOTED_INCLUDE_IN_FRAMEWORK_HEADER = YES;
				CLANG_WARN_RANGE_LOOP_ANALYSIS = YES;
				CLANG_WARN_STRICT_PROTOTYPES = YES;
				CLANG_WARN_SUSPICIOUS_MOVE = YES;
				CLANG_WARN_UNGUARDED_AVAILABILITY = YES_AGGRESSIVE;
				CLANG_WARN_UNREACHABLE_CODE = YES;
				CLANG_WARN__DUPLICATE_METHOD_MATCH = YES;
				COPY_PHASE_STRIP = NO;
				DEBUG_INFORMATION_FORMAT = "dwarf-with-dsym";
				ENABLE_NS_ASSERTIONS = NO;
				ENABLE_STRICT_OBJC_MSGSEND = YES;
				ENABLE_USER_SCRIPT_SANDBOXING = YES;
				GCC_C_LANGUAGE_STANDARD = gnu17;
				GCC_NO_COMMON_BLOCKS = YES;
				GCC_WARN_64_TO_32_BIT_CONVERSION = YES;
				GCC_WARN_ABOUT_RETURN_TYPE = YES_ERROR;
				GCC_WARN_UNDECLARED_SELECTOR = YES;
				GCC_WARN_UNINITIALIZED_AUTOS = YES_AGGRESSIVE;
				GCC_WARN_UNUSED_FUNCTION = YES;
				GCC_WARN_UNUSED_VARIABLE = YES;
				LOCALIZATION_PREFERS_STRING_CATALOGS = YES;
				MTL_ENABLE_DEBUG_INFO = NO;
				MTL_FAST_MATH = YES;
				SDKROOT = xros;
				SWIFT_COMPILATION_MODE = wholemodule;
				VALIDATE_PRODUCT = YES;
				XROS_DEPLOYMENT_TARGET = 1.0;
			};
			name = Release;
		};
		403DA4672A4DBC01005A7748 /* Debug */ = {
			isa = XCBuildConfiguration;
			buildSettings = {
				ASSETCATALOG_COMPILER_APPICON_NAME = AppIcon;
				ASSETCATALOG_COMPILER_GLOBAL_ACCENT_COLOR_NAME = AccentColor;
				CODE_SIGN_STYLE = Automatic;
				CURRENT_PROJECT_VERSION = 1;
				DEVELOPMENT_ASSET_PATHS = "\"SpatialConnect/Preview Content\"";
				DEVELOPMENT_TEAM = M92A6H7EPZ;
				ENABLE_PREVIEWS = YES;
				GENERATE_INFOPLIST_FILE = YES;
				INFOPLIST_KEY_UIApplicationSceneManifest_Generation = YES;
				LD_RUNPATH_SEARCH_PATHS = (
					"$(inherited)",
					"@executable_path/Frameworks",
				);
				MARKETING_VERSION = 1.0;
				PRODUCT_BUNDLE_IDENTIFIER = com.monstarlab.SpatialConnect;
				PRODUCT_NAME = "$(TARGET_NAME)";
				SUPPORTED_PLATFORMS = "xros xrsimulator";
				SWIFT_EMIT_LOC_STRINGS = YES;
				SWIFT_VERSION = 5.0;
				TARGETED_DEVICE_FAMILY = "1,2,7";
			};
			name = Debug;
		};
		403DA4682A4DBC01005A7748 /* Release */ = {
			isa = XCBuildConfiguration;
			buildSettings = {
				ASSETCATALOG_COMPILER_APPICON_NAME = AppIcon;
				ASSETCATALOG_COMPILER_GLOBAL_ACCENT_COLOR_NAME = AccentColor;
				CODE_SIGN_STYLE = Automatic;
				CURRENT_PROJECT_VERSION = 1;
				DEVELOPMENT_ASSET_PATHS = "\"SpatialConnect/Preview Content\"";
				DEVELOPMENT_TEAM = M92A6H7EPZ;
				ENABLE_PREVIEWS = YES;
				GENERATE_INFOPLIST_FILE = YES;
				INFOPLIST_KEY_UIApplicationSceneManifest_Generation = YES;
				LD_RUNPATH_SEARCH_PATHS = (
					"$(inherited)",
					"@executable_path/Frameworks",
				);
				MARKETING_VERSION = 1.0;
				PRODUCT_BUNDLE_IDENTIFIER = com.monstarlab.SpatialConnect;
				PRODUCT_NAME = "$(TARGET_NAME)";
				SUPPORTED_PLATFORMS = "xros xrsimulator";
				SWIFT_EMIT_LOC_STRINGS = YES;
				SWIFT_VERSION = 5.0;
				TARGETED_DEVICE_FAMILY = "1,2,7";
			};
			name = Release;
		};
/* End XCBuildConfiguration section */

/* Begin XCConfigurationList section */
		403DA44F2A4DBC00005A7748 /* Build configuration list for PBXProject "SpatialConnect" */ = {
			isa = XCConfigurationList;
			buildConfigurations = (
				403DA4642A4DBC01005A7748 /* Debug */,
				403DA4652A4DBC01005A7748 /* Release */,
			);
			defaultConfigurationIsVisible = 0;
			defaultConfigurationName = Release;
		};
		403DA4662A4DBC01005A7748 /* Build configuration list for PBXNativeTarget "SpatialConnect" */ = {
			isa = XCConfigurationList;
			buildConfigurations = (
				403DA4672A4DBC01005A7748 /* Debug */,
				403DA4682A4DBC01005A7748 /* Release */,
			);
			defaultConfigurationIsVisible = 0;
			defaultConfigurationName = Release;
		};
/* End XCConfigurationList section */

/* Begin XCSwiftPackageProductDependency section */
		403DA4592A4DBC00005A7748 /* RealityKitContent */ = {
			isa = XCSwiftPackageProductDependency;
			productName = RealityKitContent;
		};
		403DA46C2A4DBC82005A7748 /* RealityCheckConnect */ = {
			isa = XCSwiftPackageProductDependency;
			productName = RealityCheckConnect;
		};
/* End XCSwiftPackageProductDependency section */
	};
	rootObject = 403DA44C2A4DBC00005A7748 /* Project object */;
}
