// !$*UTF8*$!
{
	archiveVersion = 1;
	classes = {
	};
	objectVersion = 56;
	objects = {

/* Begin PBXBuildFile section */
		40B70D892AA3C4AE00785A9C /* RealityKitContent in Frameworks */ = {isa = PBXBuildFile; productRef = 40B70D882AA3C4AE00785A9C /* RealityKitContent */; };
		40B70D8B2AA3C4AE00785A9C /* VisionConnectApp.swift in Sources */ = {isa = PBXBuildFile; fileRef = 40B70D8A2AA3C4AE00785A9C /* VisionConnectApp.swift */; };
		40B70D8D2AA3C4AE00785A9C /* ContentView.swift in Sources */ = {isa = PBXBuildFile; fileRef = 40B70D8C2AA3C4AE00785A9C /* ContentView.swift */; };
		40B70D8F2AA3C4AE00785A9C /* ImmersiveView.swift in Sources */ = {isa = PBXBuildFile; fileRef = 40B70D8E2AA3C4AE00785A9C /* ImmersiveView.swift */; };
		40B70D912AA3C4AF00785A9C /* Assets.xcassets in Resources */ = {isa = PBXBuildFile; fileRef = 40B70D902AA3C4AF00785A9C /* Assets.xcassets */; };
		40B70D942AA3C4AF00785A9C /* Preview Assets.xcassets in Resources */ = {isa = PBXBuildFile; fileRef = 40B70D932AA3C4AF00785A9C /* Preview Assets.xcassets */; };
		40B70D9D2AA3C4DC00785A9C /* RealityCheckConnect in Frameworks */ = {isa = PBXBuildFile; productRef = 40B70D9C2AA3C4DC00785A9C /* RealityCheckConnect */; };
/* End PBXBuildFile section */

/* Begin PBXFileReference section */
		40B70D832AA3C4AE00785A9C /* VisionConnect.app */ = {isa = PBXFileReference; explicitFileType = wrapper.application; includeInIndex = 0; path = VisionConnect.app; sourceTree = BUILT_PRODUCTS_DIR; };
		40B70D872AA3C4AE00785A9C /* RealityKitContent */ = {isa = PBXFileReference; lastKnownFileType = wrapper; path = RealityKitContent; sourceTree = "<group>"; };
		40B70D8A2AA3C4AE00785A9C /* VisionConnectApp.swift */ = {isa = PBXFileReference; lastKnownFileType = sourcecode.swift; path = VisionConnectApp.swift; sourceTree = "<group>"; };
		40B70D8C2AA3C4AE00785A9C /* ContentView.swift */ = {isa = PBXFileReference; lastKnownFileType = sourcecode.swift; path = ContentView.swift; sourceTree = "<group>"; };
		40B70D8E2AA3C4AE00785A9C /* ImmersiveView.swift */ = {isa = PBXFileReference; lastKnownFileType = sourcecode.swift; path = ImmersiveView.swift; sourceTree = "<group>"; };
		40B70D902AA3C4AF00785A9C /* Assets.xcassets */ = {isa = PBXFileReference; lastKnownFileType = folder.assetcatalog; path = Assets.xcassets; sourceTree = "<group>"; };
		40B70D932AA3C4AF00785A9C /* Preview Assets.xcassets */ = {isa = PBXFileReference; lastKnownFileType = folder.assetcatalog; path = "Preview Assets.xcassets"; sourceTree = "<group>"; };
		40B70D952AA3C4AF00785A9C /* Info.plist */ = {isa = PBXFileReference; lastKnownFileType = text.plist.xml; path = Info.plist; sourceTree = "<group>"; };
/* End PBXFileReference section */

/* Begin PBXFrameworksBuildPhase section */
		40B70D802AA3C4AE00785A9C /* Frameworks */ = {
			isa = PBXFrameworksBuildPhase;
			buildActionMask = 2147483647;
			files = (
				40B70D892AA3C4AE00785A9C /* RealityKitContent in Frameworks */,
				40B70D9D2AA3C4DC00785A9C /* RealityCheckConnect in Frameworks */,
			);
			runOnlyForDeploymentPostprocessing = 0;
		};
/* End PBXFrameworksBuildPhase section */

/* Begin PBXGroup section */
		40B70D7A2AA3C4AE00785A9C = {
			isa = PBXGroup;
			children = (
				40B70D852AA3C4AE00785A9C /* VisionConnect */,
				40B70D862AA3C4AE00785A9C /* Packages */,
				40B70D842AA3C4AE00785A9C /* Products */,
				40B70D9B2AA3C4DC00785A9C /* Frameworks */,
			);
			sourceTree = "<group>";
		};
		40B70D842AA3C4AE00785A9C /* Products */ = {
			isa = PBXGroup;
			children = (
				40B70D832AA3C4AE00785A9C /* VisionConnect.app */,
			);
			name = Products;
			sourceTree = "<group>";
		};
		40B70D852AA3C4AE00785A9C /* VisionConnect */ = {
			isa = PBXGroup;
			children = (
				40B70D8A2AA3C4AE00785A9C /* VisionConnectApp.swift */,
				40B70D8C2AA3C4AE00785A9C /* ContentView.swift */,
				40B70D8E2AA3C4AE00785A9C /* ImmersiveView.swift */,
				40B70D902AA3C4AF00785A9C /* Assets.xcassets */,
				40B70D952AA3C4AF00785A9C /* Info.plist */,
				40B70D922AA3C4AF00785A9C /* Preview Content */,
			);
			path = VisionConnect;
			sourceTree = "<group>";
		};
		40B70D862AA3C4AE00785A9C /* Packages */ = {
			isa = PBXGroup;
			children = (
				40B70D872AA3C4AE00785A9C /* RealityKitContent */,
			);
			path = Packages;
			sourceTree = "<group>";
		};
		40B70D922AA3C4AF00785A9C /* Preview Content */ = {
			isa = PBXGroup;
			children = (
				40B70D932AA3C4AF00785A9C /* Preview Assets.xcassets */,
			);
			path = "Preview Content";
			sourceTree = "<group>";
		};
		40B70D9B2AA3C4DC00785A9C /* Frameworks */ = {
			isa = PBXGroup;
			children = (
			);
			name = Frameworks;
			sourceTree = "<group>";
		};
/* End PBXGroup section */

/* Begin PBXNativeTarget section */
		40B70D822AA3C4AE00785A9C /* VisionConnect */ = {
			isa = PBXNativeTarget;
			buildConfigurationList = 40B70D982AA3C4AF00785A9C /* Build configuration list for PBXNativeTarget "VisionConnect" */;
			buildPhases = (
				40B70D7F2AA3C4AE00785A9C /* Sources */,
				40B70D802AA3C4AE00785A9C /* Frameworks */,
				40B70D812AA3C4AE00785A9C /* Resources */,
			);
			buildRules = (
			);
			dependencies = (
			);
			name = VisionConnect;
			packageProductDependencies = (
				40B70D882AA3C4AE00785A9C /* RealityKitContent */,
				40B70D9C2AA3C4DC00785A9C /* RealityCheckConnect */,
			);
			productName = VisionConnect;
			productReference = 40B70D832AA3C4AE00785A9C /* VisionConnect.app */;
			productType = "com.apple.product-type.application";
		};
/* End PBXNativeTarget section */

/* Begin PBXProject section */
		40B70D7B2AA3C4AE00785A9C /* Project object */ = {
			isa = PBXProject;
			attributes = {
				BuildIndependentTargetsInParallel = 1;
				LastSwiftUpdateCheck = 1500;
				LastUpgradeCheck = 1500;
				TargetAttributes = {
					40B70D822AA3C4AE00785A9C = {
						CreatedOnToolsVersion = 15.0;
					};
				};
			};
			buildConfigurationList = 40B70D7E2AA3C4AE00785A9C /* Build configuration list for PBXProject "VisionConnect" */;
			compatibilityVersion = "Xcode 14.0";
			developmentRegion = en;
			hasScannedForEncodings = 0;
			knownRegions = (
				en,
				Base,
			);
			mainGroup = 40B70D7A2AA3C4AE00785A9C;
			productRefGroup = 40B70D842AA3C4AE00785A9C /* Products */;
			projectDirPath = "";
			projectRoot = "";
			targets = (
				40B70D822AA3C4AE00785A9C /* VisionConnect */,
			);
		};
/* End PBXProject section */

/* Begin PBXResourcesBuildPhase section */
		40B70D812AA3C4AE00785A9C /* Resources */ = {
			isa = PBXResourcesBuildPhase;
			buildActionMask = 2147483647;
			files = (
				40B70D942AA3C4AF00785A9C /* Preview Assets.xcassets in Resources */,
				40B70D912AA3C4AF00785A9C /* Assets.xcassets in Resources */,
			);
			runOnlyForDeploymentPostprocessing = 0;
		};
/* End PBXResourcesBuildPhase section */

/* Begin PBXSourcesBuildPhase section */
		40B70D7F2AA3C4AE00785A9C /* Sources */ = {
			isa = PBXSourcesBuildPhase;
			buildActionMask = 2147483647;
			files = (
				40B70D8D2AA3C4AE00785A9C /* ContentView.swift in Sources */,
				40B70D8B2AA3C4AE00785A9C /* VisionConnectApp.swift in Sources */,
				40B70D8F2AA3C4AE00785A9C /* ImmersiveView.swift in Sources */,
			);
			runOnlyForDeploymentPostprocessing = 0;
		};
/* End PBXSourcesBuildPhase section */

/* Begin XCBuildConfiguration section */
		40B70D962AA3C4AF00785A9C /* Debug */ = {
			isa = XCBuildConfiguration;
			buildSettings = {
				ALWAYS_SEARCH_USER_PATHS = NO;
				ASSETCATALOG_COMPILER_GENERATE_SWIFT_ASSET_SYMBOL_EXTENSIONS = YES;
				CLANG_ANALYZER_NONNULL = YES;
				CLANG_ANALYZER_NUMBER_OBJECT_CONVERSION = YES_AGGRESSIVE;
				CLANG_CXX_LANGUAGE_STANDARD = "gnu++20";
				CLANG_ENABLE_MODULES = YES;
				CLANG_ENABLE_OBJC_ARC = YES;
				CLANG_ENABLE_OBJC_WEAK = YES;
				CLANG_WARN_BLOCK_CAPTURE_AUTORELEASING = YES;
				CLANG_WARN_BOOL_CONVERSION = YES;
				CLANG_WARN_COMMA = YES;
				CLANG_WARN_CONSTANT_CONVERSION = YES;
				CLANG_WARN_DEPRECATED_OBJC_IMPLEMENTATIONS = YES;
				CLANG_WARN_DIRECT_OBJC_ISA_USAGE = YES_ERROR;
				CLANG_WARN_DOCUMENTATION_COMMENTS = YES;
				CLANG_WARN_EMPTY_BODY = YES;
				CLANG_WARN_ENUM_CONVERSION = YES;
				CLANG_WARN_INFINITE_RECURSION = YES;
				CLANG_WARN_INT_CONVERSION = YES;
				CLANG_WARN_NON_LITERAL_NULL_CONVERSION = YES;
				CLANG_WARN_OBJC_IMPLICIT_RETAIN_SELF = YES;
				CLANG_WARN_OBJC_LITERAL_CONVERSION = YES;
				CLANG_WARN_OBJC_ROOT_CLASS = YES_ERROR;
				CLANG_WARN_QUOTED_INCLUDE_IN_FRAMEWORK_HEADER = YES;
				CLANG_WARN_RANGE_LOOP_ANALYSIS = YES;
				CLANG_WARN_STRICT_PROTOTYPES = YES;
				CLANG_WARN_SUSPICIOUS_MOVE = YES;
				CLANG_WARN_UNGUARDED_AVAILABILITY = YES_AGGRESSIVE;
				CLANG_WARN_UNREACHABLE_CODE = YES;
				CLANG_WARN__DUPLICATE_METHOD_MATCH = YES;
				COPY_PHASE_STRIP = NO;
				DEBUG_INFORMATION_FORMAT = dwarf;
				ENABLE_STRICT_OBJC_MSGSEND = YES;
				ENABLE_TESTABILITY = YES;
				ENABLE_USER_SCRIPT_SANDBOXING = YES;
				GCC_C_LANGUAGE_STANDARD = gnu17;
				GCC_DYNAMIC_NO_PIC = NO;
				GCC_NO_COMMON_BLOCKS = YES;
				GCC_OPTIMIZATION_LEVEL = 0;
				GCC_PREPROCESSOR_DEFINITIONS = (
					"DEBUG=1",
					"$(inherited)",
				);
				GCC_WARN_64_TO_32_BIT_CONVERSION = YES;
				GCC_WARN_ABOUT_RETURN_TYPE = YES_ERROR;
				GCC_WARN_UNDECLARED_SELECTOR = YES;
				GCC_WARN_UNINITIALIZED_AUTOS = YES_AGGRESSIVE;
				GCC_WARN_UNUSED_FUNCTION = YES;
				GCC_WARN_UNUSED_VARIABLE = YES;
				LOCALIZATION_PREFERS_STRING_CATALOGS = YES;
				MTL_ENABLE_DEBUG_INFO = INCLUDE_SOURCE;
				MTL_FAST_MATH = YES;
				ONLY_ACTIVE_ARCH = YES;
				SDKROOT = xros;
				SWIFT_ACTIVE_COMPILATION_CONDITIONS = "DEBUG $(inherited)";
				SWIFT_OPTIMIZATION_LEVEL = "-Onone";
				XROS_DEPLOYMENT_TARGET = 1.0;
			};
			name = Debug;
		};
		40B70D972AA3C4AF00785A9C /* Release */ = {
			isa = XCBuildConfiguration;
			buildSettings = {
				ALWAYS_SEARCH_USER_PATHS = NO;
				ASSETCATALOG_COMPILER_GENERATE_SWIFT_ASSET_SYMBOL_EXTENSIONS = YES;
				CLANG_ANALYZER_NONNULL = YES;
				CLANG_ANALYZER_NUMBER_OBJECT_CONVERSION = YES_AGGRESSIVE;
				CLANG_CXX_LANGUAGE_STANDARD = "gnu++20";
				CLANG_ENABLE_MODULES = YES;
				CLANG_ENABLE_OBJC_ARC = YES;
				CLANG_ENABLE_OBJC_WEAK = YES;
				CLANG_WARN_BLOCK_CAPTURE_AUTORELEASING = YES;
				CLANG_WARN_BOOL_CONVERSION = YES;
				CLANG_WARN_COMMA = YES;
				CLANG_WARN_CONSTANT_CONVERSION = YES;
				CLANG_WARN_DEPRECATED_OBJC_IMPLEMENTATIONS = YES;
				CLANG_WARN_DIRECT_OBJC_ISA_USAGE = YES_ERROR;
				CLANG_WARN_DOCUMENTATION_COMMENTS = YES;
				CLANG_WARN_EMPTY_BODY = YES;
				CLANG_WARN_ENUM_CONVERSION = YES;
				CLANG_WARN_INFINITE_RECURSION = YES;
				CLANG_WARN_INT_CONVERSION = YES;
				CLANG_WARN_NON_LITERAL_NULL_CONVERSION = YES;
				CLANG_WARN_OBJC_IMPLICIT_RETAIN_SELF = YES;
				CLANG_WARN_OBJC_LITERAL_CONVERSION = YES;
				CLANG_WARN_OBJC_ROOT_CLASS = YES_ERROR;
				CLANG_WARN_QUOTED_INCLUDE_IN_FRAMEWORK_HEADER = YES;
				CLANG_WARN_RANGE_LOOP_ANALYSIS = YES;
				CLANG_WARN_STRICT_PROTOTYPES = YES;
				CLANG_WARN_SUSPICIOUS_MOVE = YES;
				CLANG_WARN_UNGUARDED_AVAILABILITY = YES_AGGRESSIVE;
				CLANG_WARN_UNREACHABLE_CODE = YES;
				CLANG_WARN__DUPLICATE_METHOD_MATCH = YES;
				COPY_PHASE_STRIP = NO;
				DEBUG_INFORMATION_FORMAT = "dwarf-with-dsym";
				ENABLE_NS_ASSERTIONS = NO;
				ENABLE_STRICT_OBJC_MSGSEND = YES;
				ENABLE_USER_SCRIPT_SANDBOXING = YES;
				GCC_C_LANGUAGE_STANDARD = gnu17;
				GCC_NO_COMMON_BLOCKS = YES;
				GCC_WARN_64_TO_32_BIT_CONVERSION = YES;
				GCC_WARN_ABOUT_RETURN_TYPE = YES_ERROR;
				GCC_WARN_UNDECLARED_SELECTOR = YES;
				GCC_WARN_UNINITIALIZED_AUTOS = YES_AGGRESSIVE;
				GCC_WARN_UNUSED_FUNCTION = YES;
				GCC_WARN_UNUSED_VARIABLE = YES;
				LOCALIZATION_PREFERS_STRING_CATALOGS = YES;
				MTL_ENABLE_DEBUG_INFO = NO;
				MTL_FAST_MATH = YES;
				SDKROOT = xros;
				SWIFT_COMPILATION_MODE = wholemodule;
				VALIDATE_PRODUCT = YES;
				XROS_DEPLOYMENT_TARGET = 1.0;
			};
			name = Release;
		};
		40B70D992AA3C4AF00785A9C /* Debug */ = {
			isa = XCBuildConfiguration;
			buildSettings = {
				ASSETCATALOG_COMPILER_APPICON_NAME = AppIcon;
				ASSETCATALOG_COMPILER_GLOBAL_ACCENT_COLOR_NAME = AccentColor;
				CODE_SIGN_STYLE = Automatic;
				CURRENT_PROJECT_VERSION = 1;
				DEVELOPMENT_ASSET_PATHS = "\"VisionConnect/Preview Content\"";
				DEVELOPMENT_TEAM = M92A6H7EPZ;
				ENABLE_PREVIEWS = YES;
				GENERATE_INFOPLIST_FILE = YES;
				INFOPLIST_FILE = "$(TARGET_NAME)/Info.plist";
				LD_RUNPATH_SEARCH_PATHS = (
					"$(inherited)",
					"@executable_path/Frameworks",
				);
				MARKETING_VERSION = 1.0;
				PRODUCT_BUNDLE_IDENTIFIER = com.monstarlab.VisionConnect;
				PRODUCT_NAME = "$(TARGET_NAME)";
				SUPPORTED_PLATFORMS = "xros xrsimulator";
				SWIFT_EMIT_LOC_STRINGS = YES;
				SWIFT_VERSION = 5.0;
				TARGETED_DEVICE_FAMILY = "1,2,7";
			};
			name = Debug;
		};
		40B70D9A2AA3C4AF00785A9C /* Release */ = {
			isa = XCBuildConfiguration;
			buildSettings = {
				ASSETCATALOG_COMPILER_APPICON_NAME = AppIcon;
				ASSETCATALOG_COMPILER_GLOBAL_ACCENT_COLOR_NAME = AccentColor;
				CODE_SIGN_STYLE = Automatic;
				CURRENT_PROJECT_VERSION = 1;
				DEVELOPMENT_ASSET_PATHS = "\"VisionConnect/Preview Content\"";
				DEVELOPMENT_TEAM = M92A6H7EPZ;
				ENABLE_PREVIEWS = YES;
				GENERATE_INFOPLIST_FILE = YES;
				INFOPLIST_FILE = "$(TARGET_NAME)/Info.plist";
				LD_RUNPATH_SEARCH_PATHS = (
					"$(inherited)",
					"@executable_path/Frameworks",
				);
				MARKETING_VERSION = 1.0;
				PRODUCT_BUNDLE_IDENTIFIER = com.monstarlab.VisionConnect;
				PRODUCT_NAME = "$(TARGET_NAME)";
				SUPPORTED_PLATFORMS = "xros xrsimulator";
				SWIFT_EMIT_LOC_STRINGS = YES;
				SWIFT_VERSION = 5.0;
				TARGETED_DEVICE_FAMILY = "1,2,7";
			};
			name = Release;
		};
/* End XCBuildConfiguration section */

/* Begin XCConfigurationList section */
		40B70D7E2AA3C4AE00785A9C /* Build configuration list for PBXProject "VisionConnect" */ = {
			isa = XCConfigurationList;
			buildConfigurations = (
				40B70D962AA3C4AF00785A9C /* Debug */,
				40B70D972AA3C4AF00785A9C /* Release */,
			);
			defaultConfigurationIsVisible = 0;
			defaultConfigurationName = Release;
		};
		40B70D982AA3C4AF00785A9C /* Build configuration list for PBXNativeTarget "VisionConnect" */ = {
			isa = XCConfigurationList;
			buildConfigurations = (
				40B70D992AA3C4AF00785A9C /* Debug */,
				40B70D9A2AA3C4AF00785A9C /* Release */,
			);
			defaultConfigurationIsVisible = 0;
			defaultConfigurationName = Release;
		};
/* End XCConfigurationList section */

/* Begin XCSwiftPackageProductDependency section */
		40B70D882AA3C4AE00785A9C /* RealityKitContent */ = {
			isa = XCSwiftPackageProductDependency;
			productName = RealityKitContent;
		};
		40B70D9C2AA3C4DC00785A9C /* RealityCheckConnect */ = {
			isa = XCSwiftPackageProductDependency;
			productName = RealityCheckConnect;
		};
/* End XCSwiftPackageProductDependency section */
	};
	rootObject = 40B70D7B2AA3C4AE00785A9C /* Project object */;
}
