{
  "object": {
    "pins": [
      {
        "package": "combine-schedulers",
        "repositoryURL": "https://github.com/pointfreeco/combine-schedulers",
        "state": {
          "branch": null,
          "revision": "9dc9cbe4bc45c65164fa653a563d8d8db61b09bb",
          "version": "1.0.0"
        }
      },
      {
        "package": "DeviceKit",
        "repositoryURL": "https://github.com/devicekit/DeviceKit.git",
        "state": {
          "branch": null,
          "revision": "66837ecf1516e41fd4251bbb684dc4b1997f08ab",
          "version": "5.1.0"
        }
      },
      {
        "package": "swift-argument-parser",
        "repositoryURL": "https://github.com/apple/swift-argument-parser",
        "state": {
          "branch": null,
          "revision": "8f4d2753f0e4778c76d5f05ad16c74f707390531",
          "version": "1.2.3"
        }
      },
      {
        "package": "swift-case-paths",
        "repositoryURL": "https://github.com/pointfreeco/swift-case-paths",
        "state": {
          "branch": null,
          "revision": "40773cbaf8d71ed5357f297b1ba4073f5b24faaa",
          "version": "1.1.0"
        }
      },
      {
        "package": "swift-clocks",
        "repositoryURL": "https://github.com/pointfreeco/swift-clocks",
        "state": {
          "branch": null,
          "revision": "d1fd837326aa719bee979bdde1f53cd5797443eb",
          "version": "1.0.0"
        }
      },
      {
        "package": "swift-collections",
        "repositoryURL": "https://github.com/apple/swift-collections",
        "state": {
          "branch": null,
          "revision": "937e904258d22af6e447a0b72c0bc67583ef64a2",
          "version": "1.0.4"
        }
      },
      {
        "package": "swift-composable-architecture",
        "repositoryURL": "https://github.com/pointfreeco/swift-composable-architecture",
        "state": {
          "branch": null,
          "revision": "57e804f1cc2e17e306620f77deaf36b9f38b0df5",
          "version": "1.4.0"
        }
      },
      {
        "package": "swift-concurrency-extras",
        "repositoryURL": "https://github.com/pointfreeco/swift-concurrency-extras",
        "state": {
          "branch": null,
          "revision": "bb5059bde9022d69ac516803f4f227d8ac967f71",
          "version": "1.1.0"
        }
      },
      {
        "package": "swift-custom-dump",
        "repositoryURL": "https://github.com/pointfreeco/swift-custom-dump",
        "state": {
          "branch": null,
          "revision": "65fc9e2b62727cacfab9fc60d580c284a4b9308c",
          "version": "1.1.1"
        }
      },
      {
        "package": "swift-dependencies",
        "repositoryURL": "https://github.com/pointfreeco/swift-dependencies",
        "state": {
          "branch": null,
          "revision": "4e1eb6e28afe723286d8cc60611237ffbddba7c5",
          "version": "1.0.0"
        }
      },
      {
        "package": "SymbolKit",
        "repositoryURL": "https://github.com/apple/swift-docc-symbolkit",
        "state": {
          "branch": "main",
          "revision": "1d5aba8186fc648e17b30631b34043110ca8dd19",
          "version": null
        }
      },
      {
        "package": "swift-identified-collections",
        "repositoryURL": "https://github.com/pointfreeco/swift-identified-collections",
        "state": {
          "branch": null,
          "revision": "d1e45f3e1eee2c9193f5369fa9d70a6ddad635e8",
          "version": "1.0.0"
        }
      },
      {
        "package": "swift-syntax",
        "repositoryURL": "https://github.com/apple/swift-syntax",
        "state": {
          "branch": null,
          "revision": "6ad4ea24b01559dde0773e3d091f1b9e36175036",
          "version": "509.0.2"
        }
      },
      {
        "package": "swiftui-navigation",
        "repositoryURL": "https://github.com/pointfreeco/swiftui-navigation",
        "state": {
          "branch": null,
          "revision": "a3aa5d46e8bf174d773d23b030f1c103999398ac",
          "version": "1.1.0"
        }
      },
      {
        "package": "xctest-dynamic-overlay",
        "repositoryURL": "https://github.com/pointfreeco/xctest-dynamic-overlay",
        "state": {
          "branch": null,
          "revision": "23cbf2294e350076ea4dbd7d5d047c1e76b03631",
          "version": "1.0.2"
        }
      }
    ]
  },
  "version": 1
}
