// !$*UTF8*$!
{
	archiveVersion = 1;
	classes = {
	};
	objectVersion = 56;
	objects = {

/* Begin PBXBuildFile section */
		40096A462BA8912400039407 /* RealityKitContent in Frameworks */ = {isa = PBXBuildFile; productRef = 40096A452BA8912400039407 /* RealityKitContent */; };
		40096A482BA8912400039407 /* AttachedRealityCheckApp.swift in Sources */ = {isa = PBXBuildFile; fileRef = 40096A472BA8912400039407 /* AttachedRealityCheckApp.swift */; };
		40096A4A2BA8912400039407 /* ContentView.swift in Sources */ = {isa = PBXBuildFile; fileRef = 40096A492BA8912400039407 /* ContentView.swift */; };
		40096A4C2BA8912400039407 /* ImmersiveView.swift in Sources */ = {isa = PBXBuildFile; fileRef = 40096A4B2BA8912400039407 /* ImmersiveView.swift */; };
		40096A4E2BA8912500039407 /* Assets.xcassets in Resources */ = {isa = PBXBuildFile; fileRef = 40096A4D2BA8912500039407 /* Assets.xcassets */; };
		40096A512BA8912500039407 /* Preview Assets.xcassets in Resources */ = {isa = PBXBuildFile; fileRef = 40096A502BA8912500039407 /* Preview Assets.xcassets */; };
		40096A5B2BA8940200039407 /* EntitiesNavigator_visionOS in Frameworks */ = {isa = PBXBuildFile; productRef = 40096A5A2BA8940200039407 /* EntitiesNavigator_visionOS */; };
/* End PBXBuildFile section */

/* Begin PBXFileReference section */
		40096A402BA8912400039407 /* AttachedRealityCheck.app */ = {isa = PBXFileReference; explicitFileType = wrapper.application; includeInIndex = 0; path = AttachedRealityCheck.app; sourceTree = BUILT_PRODUCTS_DIR; };
		40096A442BA8912400039407 /* RealityKitContent */ = {isa = PBXFileReference; lastKnownFileType = wrapper; path = RealityKitContent; sourceTree = "<group>"; };
		40096A472BA8912400039407 /* AttachedRealityCheckApp.swift */ = {isa = PBXFileReference; lastKnownFileType = sourcecode.swift; path = AttachedRealityCheckApp.swift; sourceTree = "<group>"; };
		40096A492BA8912400039407 /* ContentView.swift */ = {isa = PBXFileReference; lastKnownFileType = sourcecode.swift; path = ContentView.swift; sourceTree = "<group>"; };
		40096A4B2BA8912400039407 /* ImmersiveView.swift */ = {isa = PBXFileReference; lastKnownFileType = sourcecode.swift; path = ImmersiveView.swift; sourceTree = "<group>"; };
		40096A4D2BA8912500039407 /* Assets.xcassets */ = {isa = PBXFileReference; lastKnownFileType = folder.assetcatalog; path = Assets.xcassets; sourceTree = "<group>"; };
		40096A502BA8912500039407 /* Preview Assets.xcassets */ = {isa = PBXFileReference; lastKnownFileType = folder.assetcatalog; path = "Preview Assets.xcassets"; sourceTree = "<group>"; };
		40096A522BA8912500039407 /* Info.plist */ = {isa = PBXFileReference; lastKnownFileType = text.plist.xml; path = Info.plist; sourceTree = "<group>"; };
		40096A582BA893CC00039407 /* reality-check */ = {isa = PBXFileReference; lastKnownFileType = wrapper; name = "reality-check"; path = ../../../..; sourceTree = "<group>"; };
/* End PBXFileReference section */

/* Begin PBXFrameworksBuildPhase section */
		40096A3D2BA8912400039407 /* Frameworks */ = {
			isa = PBXFrameworksBuildPhase;
			buildActionMask = 2147483647;
			files = (
				40096A462BA8912400039407 /* RealityKitContent in Frameworks */,
				40096A5B2BA8940200039407 /* EntitiesNavigator_visionOS in Frameworks */,
			);
			runOnlyForDeploymentPostprocessing = 0;
		};
/* End PBXFrameworksBuildPhase section */

/* Begin PBXGroup section */
		40096A372BA8912400039407 = {
			isa = PBXGroup;
			children = (
				40096A422BA8912400039407 /* AttachedRealityCheck */,
				40096A432BA8912400039407 /* Packages */,
				40096A412BA8912400039407 /* Products */,
				40096A592BA8940200039407 /* Frameworks */,
			);
			sourceTree = "<group>";
		};
		40096A412BA8912400039407 /* Products */ = {
			isa = PBXGroup;
			children = (
				40096A402BA8912400039407 /* AttachedRealityCheck.app */,
			);
			name = Products;
			sourceTree = "<group>";
		};
		40096A422BA8912400039407 /* AttachedRealityCheck */ = {
			isa = PBXGroup;
			children = (
				40096A472BA8912400039407 /* AttachedRealityCheckApp.swift */,
				40096A492BA8912400039407 /* ContentView.swift */,
				40096A4B2BA8912400039407 /* ImmersiveView.swift */,
				40096A4D2BA8912500039407 /* Assets.xcassets */,
				40096A522BA8912500039407 /* Info.plist */,
				40096A4F2BA8912500039407 /* Preview Content */,
			);
			path = AttachedRealityCheck;
			sourceTree = "<group>";
		};
		40096A432BA8912400039407 /* Packages */ = {
			isa = PBXGroup;
			children = (
				40096A582BA893CC00039407 /* reality-check */,
				40096A442BA8912400039407 /* RealityKitContent */,
			);
			path = Packages;
			sourceTree = "<group>";
		};
		40096A4F2BA8912500039407 /* Preview Content */ = {
			isa = PBXGroup;
			children = (
				40096A502BA8912500039407 /* Preview Assets.xcassets */,
			);
			path = "Preview Content";
			sourceTree = "<group>";
		};
		40096A592BA8940200039407 /* Frameworks */ = {
			isa = PBXGroup;
			children = (
			);
			name = Frameworks;
			sourceTree = "<group>";
		};
/* End PBXGroup section */

/* Begin PBXNativeTarget section */
		40096A3F2BA8912400039407 /* AttachedRealityCheck */ = {
			isa = PBXNativeTarget;
			buildConfigurationList = 40096A552BA8912500039407 /* Build configuration list for PBXNativeTarget "AttachedRealityCheck" */;
			buildPhases = (
				40096A3C2BA8912400039407 /* Sources */,
				40096A3D2BA8912400039407 /* Frameworks */,
				40096A3E2BA8912400039407 /* Resources */,
			);
			buildRules = (
			);
			dependencies = (
			);
			name = AttachedRealityCheck;
			packageProductDependencies = (
				40096A452BA8912400039407 /* RealityKitContent */,
				40096A5A2BA8940200039407 /* EntitiesNavigator_visionOS */,
			);
			productName = AttachedRealityCheck;
			productReference = 40096A402BA8912400039407 /* AttachedRealityCheck.app */;
			productType = "com.apple.product-type.application";
		};
/* End PBXNativeTarget section */

/* Begin PBXProject section */
		40096A382BA8912400039407 /* Project object */ = {
			isa = PBXProject;
			attributes = {
				BuildIndependentTargetsInParallel = 1;
				LastSwiftUpdateCheck = 1530;
				LastUpgradeCheck = 1530;
				TargetAttributes = {
					40096A3F2BA8912400039407 = {
						CreatedOnToolsVersion = 15.3;
					};
				};
			};
			buildConfigurationList = 40096A3B2BA8912400039407 /* Build configuration list for PBXProject "AttachedRealityCheck" */;
			compatibilityVersion = "Xcode 14.0";
			developmentRegion = en;
			hasScannedForEncodings = 0;
			knownRegions = (
				en,
				Base,
			);
			mainGroup = 40096A372BA8912400039407;
			productRefGroup = 40096A412BA8912400039407 /* Products */;
			projectDirPath = "";
			projectRoot = "";
			targets = (
				40096A3F2BA8912400039407 /* AttachedRealityCheck */,
			);
		};
/* End PBXProject section */

/* Begin PBXResourcesBuildPhase section */
		40096A3E2BA8912400039407 /* Resources */ = {
			isa = PBXResourcesBuildPhase;
			buildActionMask = 2147483647;
			files = (
				40096A512BA8912500039407 /* Preview Assets.xcassets in Resources */,
				40096A4E2BA8912500039407 /* Assets.xcassets in Resources */,
			);
			runOnlyForDeploymentPostprocessing = 0;
		};
/* End PBXResourcesBuildPhase section */

/* Begin PBXSourcesBuildPhase section */
		40096A3C2BA8912400039407 /* Sources */ = {
			isa = PBXSourcesBuildPhase;
			buildActionMask = 2147483647;
			files = (
				40096A4A2BA8912400039407 /* ContentView.swift in Sources */,
				40096A482BA8912400039407 /* AttachedRealityCheckApp.swift in Sources */,
				40096A4C2BA8912400039407 /* ImmersiveView.swift in Sources */,
			);
			runOnlyForDeploymentPostprocessing = 0;
		};
/* End PBXSourcesBuildPhase section */

/* Begin XCBuildConfiguration section */
		40096A532BA8912500039407 /* Debug */ = {
			isa = XCBuildConfiguration;
			buildSettings = {
				ALWAYS_SEARCH_USER_PATHS = NO;
				ASSETCATALOG_COMPILER_GENERATE_SWIFT_ASSET_SYMBOL_EXTENSIONS = YES;
				CLANG_ANALYZER_NONNULL = YES;
				CLANG_ANALYZER_NUMBER_OBJECT_CONVERSION = YES_AGGRESSIVE;
				CLANG_CXX_LANGUAGE_STANDARD = "gnu++20";
				CLANG_ENABLE_MODULES = YES;
				CLANG_ENABLE_OBJC_ARC = YES;
				CLANG_ENABLE_OBJC_WEAK = YES;
				CLANG_WARN_BLOCK_CAPTURE_AUTORELEASING = YES;
				CLANG_WARN_BOOL_CONVERSION = YES;
				CLANG_WARN_COMMA = YES;
				CLANG_WARN_CONSTANT_CONVERSION = YES;
				CLANG_WARN_DEPRECATED_OBJC_IMPLEMENTATIONS = YES;
				CLANG_WARN_DIRECT_OBJC_ISA_USAGE = YES_ERROR;
				CLANG_WARN_DOCUMENTATION_COMMENTS = YES;
				CLANG_WARN_EMPTY_BODY = YES;
				CLANG_WARN_ENUM_CONVERSION = YES;
				CLANG_WARN_INFINITE_RECURSION = YES;
				CLANG_WARN_INT_CONVERSION = YES;
				CLANG_WARN_NON_LITERAL_NULL_CONVERSION = YES;
				CLANG_WARN_OBJC_IMPLICIT_RETAIN_SELF = YES;
				CLANG_WARN_OBJC_LITERAL_CONVERSION = YES;
				CLANG_WARN_OBJC_ROOT_CLASS = YES_ERROR;
				CLANG_WARN_QUOTED_INCLUDE_IN_FRAMEWORK_HEADER = YES;
				CLANG_WARN_RANGE_LOOP_ANALYSIS = YES;
				CLANG_WARN_STRICT_PROTOTYPES = YES;
				CLANG_WARN_SUSPICIOUS_MOVE = YES;
				CLANG_WARN_UNGUARDED_AVAILABILITY = YES_AGGRESSIVE;
				CLANG_WARN_UNREACHABLE_CODE = YES;
				CLANG_WARN__DUPLICATE_METHOD_MATCH = YES;
				COPY_PHASE_STRIP = NO;
				DEBUG_INFORMATION_FORMAT = dwarf;
				ENABLE_STRICT_OBJC_MSGSEND = YES;
				ENABLE_TESTABILITY = YES;
				ENABLE_USER_SCRIPT_SANDBOXING = YES;
				GCC_C_LANGUAGE_STANDARD = gnu17;
				GCC_DYNAMIC_NO_PIC = NO;
				GCC_NO_COMMON_BLOCKS = YES;
				GCC_OPTIMIZATION_LEVEL = 0;
				GCC_PREPROCESSOR_DEFINITIONS = (
					"DEBUG=1",
					"$(inherited)",
				);
				GCC_WARN_64_TO_32_BIT_CONVERSION = YES;
				GCC_WARN_ABOUT_RETURN_TYPE = YES_ERROR;
				GCC_WARN_UNDECLARED_SELECTOR = YES;
				GCC_WARN_UNINITIALIZED_AUTOS = YES_AGGRESSIVE;
				GCC_WARN_UNUSED_FUNCTION = YES;
				GCC_WARN_UNUSED_VARIABLE = YES;
				LOCALIZATION_PREFERS_STRING_CATALOGS = YES;
				MTL_ENABLE_DEBUG_INFO = INCLUDE_SOURCE;
				MTL_FAST_MATH = YES;
				ONLY_ACTIVE_ARCH = YES;
				SDKROOT = xros;
				SWIFT_ACTIVE_COMPILATION_CONDITIONS = "DEBUG $(inherited)";
				SWIFT_OPTIMIZATION_LEVEL = "-Onone";
				XROS_DEPLOYMENT_TARGET = 1.1;
			};
			name = Debug;
		};
		40096A542BA8912500039407 /* Release */ = {
			isa = XCBuildConfiguration;
			buildSettings = {
				ALWAYS_SEARCH_USER_PATHS = NO;
				ASSETCATALOG_COMPILER_GENERATE_SWIFT_ASSET_SYMBOL_EXTENSIONS = YES;
				CLANG_ANALYZER_NONNULL = YES;
				CLANG_ANALYZER_NUMBER_OBJECT_CONVERSION = YES_AGGRESSIVE;
				CLANG_CXX_LANGUAGE_STANDARD = "gnu++20";
				CLANG_ENABLE_MODULES = YES;
				CLANG_ENABLE_OBJC_ARC = YES;
				CLANG_ENABLE_OBJC_WEAK = YES;
				CLANG_WARN_BLOCK_CAPTURE_AUTORELEASING = YES;
				CLANG_WARN_BOOL_CONVERSION = YES;
				CLANG_WARN_COMMA = YES;
				CLANG_WARN_CONSTANT_CONVERSION = YES;
				CLANG_WARN_DEPRECATED_OBJC_IMPLEMENTATIONS = YES;
				CLANG_WARN_DIRECT_OBJC_ISA_USAGE = YES_ERROR;
				CLANG_WARN_DOCUMENTATION_COMMENTS = YES;
				CLANG_WARN_EMPTY_BODY = YES;
				CLANG_WARN_ENUM_CONVERSION = YES;
				CLANG_WARN_INFINITE_RECURSION = YES;
				CLANG_WARN_INT_CONVERSION = YES;
				CLANG_WARN_NON_LITERAL_NULL_CONVERSION = YES;
				CLANG_WARN_OBJC_IMPLICIT_RETAIN_SELF = YES;
				CLANG_WARN_OBJC_LITERAL_CONVERSION = YES;
				CLANG_WARN_OBJC_ROOT_CLASS = YES_ERROR;
				CLANG_WARN_QUOTED_INCLUDE_IN_FRAMEWORK_HEADER = YES;
				CLANG_WARN_RANGE_LOOP_ANALYSIS = YES;
				CLANG_WARN_STRICT_PROTOTYPES = YES;
				CLANG_WARN_SUSPICIOUS_MOVE = YES;
				CLANG_WARN_UNGUARDED_AVAILABILITY = YES_AGGRESSIVE;
				CLANG_WARN_UNREACHABLE_CODE = YES;
				CLANG_WARN__DUPLICATE_METHOD_MATCH = YES;
				COPY_PHASE_STRIP = NO;
				DEBUG_INFORMATION_FORMAT = "dwarf-with-dsym";
				ENABLE_NS_ASSERTIONS = NO;
				ENABLE_STRICT_OBJC_MSGSEND = YES;
				ENABLE_USER_SCRIPT_SANDBOXING = YES;
				GCC_C_LANGUAGE_STANDARD = gnu17;
				GCC_NO_COMMON_BLOCKS = YES;
				GCC_WARN_64_TO_32_BIT_CONVERSION = YES;
				GCC_WARN_ABOUT_RETURN_TYPE = YES_ERROR;
				GCC_WARN_UNDECLARED_SELECTOR = YES;
				GCC_WARN_UNINITIALIZED_AUTOS = YES_AGGRESSIVE;
				GCC_WARN_UNUSED_FUNCTION = YES;
				GCC_WARN_UNUSED_VARIABLE = YES;
				LOCALIZATION_PREFERS_STRING_CATALOGS = YES;
				MTL_ENABLE_DEBUG_INFO = NO;
				MTL_FAST_MATH = YES;
				SDKROOT = xros;
				SWIFT_COMPILATION_MODE = wholemodule;
				VALIDATE_PRODUCT = YES;
				XROS_DEPLOYMENT_TARGET = 1.1;
			};
			name = Release;
		};
		40096A562BA8912500039407 /* Debug */ = {
			isa = XCBuildConfiguration;
			buildSettings = {
				ASSETCATALOG_COMPILER_APPICON_NAME = AppIcon;
				ASSETCATALOG_COMPILER_GLOBAL_ACCENT_COLOR_NAME = AccentColor;
				CODE_SIGN_STYLE = Automatic;
				CURRENT_PROJECT_VERSION = 1;
				DEVELOPMENT_ASSET_PATHS = "\"AttachedRealityCheck/Preview Content\"";
				DEVELOPMENT_TEAM = M92A6H7EPZ;
				ENABLE_PREVIEWS = YES;
				GENERATE_INFOPLIST_FILE = YES;
				INFOPLIST_FILE = "$(TARGET_NAME)/Info.plist";
				LD_RUNPATH_SEARCH_PATHS = (
					"$(inherited)",
					"@executable_path/Frameworks",
				);
				MARKETING_VERSION = 1.0;
				PRODUCT_BUNDLE_IDENTIFIER = com.monstarlab.AttachedRealityCheck;
				PRODUCT_NAME = "$(TARGET_NAME)";
				SUPPORTED_PLATFORMS = "xros xrsimulator";
				SWIFT_EMIT_LOC_STRINGS = YES;
				SWIFT_VERSION = 5.0;
				TARGETED_DEVICE_FAMILY = "1,2,7";
			};
			name = Debug;
		};
		40096A572BA8912500039407 /* Release */ = {
			isa = XCBuildConfiguration;
			buildSettings = {
				ASSETCATALOG_COMPILER_APPICON_NAME = AppIcon;
				ASSETCATALOG_COMPILER_GLOBAL_ACCENT_COLOR_NAME = AccentColor;
				CODE_SIGN_STYLE = Automatic;
				CURRENT_PROJECT_VERSION = 1;
				DEVELOPMENT_ASSET_PATHS = "\"AttachedRealityCheck/Preview Content\"";
				DEVELOPMENT_TEAM = M92A6H7EPZ;
				ENABLE_PREVIEWS = YES;
				GENERATE_INFOPLIST_FILE = YES;
				INFOPLIST_FILE = "$(TARGET_NAME)/Info.plist";
				LD_RUNPATH_SEARCH_PATHS = (
					"$(inherited)",
					"@executable_path/Frameworks",
				);
				MARKETING_VERSION = 1.0;
				PRODUCT_BUNDLE_IDENTIFIER = com.monstarlab.AttachedRealityCheck;
				PRODUCT_NAME = "$(TARGET_NAME)";
				SUPPORTED_PLATFORMS = "xros xrsimulator";
				SWIFT_EMIT_LOC_STRINGS = YES;
				SWIFT_VERSION = 5.0;
				TARGETED_DEVICE_FAMILY = "1,2,7";
			};
			name = Release;
		};
/* End XCBuildConfiguration section */

/* Begin XCConfigurationList section */
		40096A3B2BA8912400039407 /* Build configuration list for PBXProject "AttachedRealityCheck" */ = {
			isa = XCConfigurationList;
			buildConfigurations = (
				40096A532BA8912500039407 /* Debug */,
				40096A542BA8912500039407 /* Release */,
			);
			defaultConfigurationIsVisible = 0;
			defaultConfigurationName = Release;
		};
		40096A552BA8912500039407 /* Build configuration list for PBXNativeTarget "AttachedRealityCheck" */ = {
			isa = XCConfigurationList;
			buildConfigurations = (
				40096A562BA8912500039407 /* Debug */,
				40096A572BA8912500039407 /* Release */,
			);
			defaultConfigurationIsVisible = 0;
			defaultConfigurationName = Release;
		};
/* End XCConfigurationList section */

/* Begin XCSwiftPackageProductDependency section */
		40096A452BA8912400039407 /* RealityKitContent */ = {
			isa = XCSwiftPackageProductDependency;
			productName = RealityKitContent;
		};
		40096A5A2BA8940200039407 /* EntitiesNavigator_visionOS */ = {
			isa = XCSwiftPackageProductDependency;
			productName = EntitiesNavigator_visionOS;
		};
/* End XCSwiftPackageProductDependency section */
	};
	rootObject = 40096A382BA8912400039407 /* Project object */;
}
