// !$*UTF8*$!
{
	archiveVersion = 1;
	classes = {
	};
	objectVersion = 56;
	objects = {

/* Begin PBXBuildFile section */
		4035AF652A4EC16F004ED9C7 /* RealityKitContent in Frameworks */ = {isa = PBXBuildFile; productRef = 4035AF642A4EC16F004ED9C7 /* RealityKitContent */; };
		4035AF672A4EC16F004ED9C7 /* VolumeConnectApp.swift in Sources */ = {isa = PBXBuildFile; fileRef = 4035AF662A4EC16F004ED9C7 /* VolumeConnectApp.swift */; };
		4035AF692A4EC16F004ED9C7 /* ContentView.swift in Sources */ = {isa = PBXBuildFile; fileRef = 4035AF682A4EC16F004ED9C7 /* ContentView.swift */; };
		4035AF6B2A4EC170004ED9C7 /* Assets.xcassets in Resources */ = {isa = PBXBuildFile; fileRef = 4035AF6A2A4EC170004ED9C7 /* Assets.xcassets */; };
		4035AF6E2A4EC170004ED9C7 /* Preview Assets.xcassets in Resources */ = {isa = PBXBuildFile; fileRef = 4035AF6D2A4EC170004ED9C7 /* Preview Assets.xcassets */; };
		4035AF762A4EC22E004ED9C7 /* reality-check in Resources */ = {isa = PBXBuildFile; fileRef = 4035AF752A4EC22E004ED9C7 /* reality-check */; };
		4035AF792A4EC257004ED9C7 /* RealityCheckConnect in Frameworks */ = {isa = PBXBuildFile; productRef = 4035AF782A4EC257004ED9C7 /* RealityCheckConnect */; };
		403EF1DD2A6940B000726919 /* toy_robot_vintage.usdz in Resources */ = {isa = PBXBuildFile; fileRef = 403EF1DC2A6940B000726919 /* toy_robot_vintage.usdz */; };
/* End PBXBuildFile section */

/* Begin PBXFileReference section */
		4035AF5F2A4EC16F004ED9C7 /* VolumeConnect.app */ = {isa = PBXFileReference; explicitFileType = wrapper.application; includeInIndex = 0; path = VolumeConnect.app; sourceTree = BUILT_PRODUCTS_DIR; };
		4035AF632A4EC16F004ED9C7 /* RealityKitContent */ = {isa = PBXFileReference; lastKnownFileType = wrapper; path = RealityKitContent; sourceTree = "<group>"; };
		4035AF662A4EC16F004ED9C7 /* VolumeConnectApp.swift */ = {isa = PBXFileReference; lastKnownFileType = sourcecode.swift; path = VolumeConnectApp.swift; sourceTree = "<group>"; };
		4035AF682A4EC16F004ED9C7 /* ContentView.swift */ = {isa = PBXFileReference; lastKnownFileType = sourcecode.swift; path = ContentView.swift; sourceTree = "<group>"; };
		4035AF6A2A4EC170004ED9C7 /* Assets.xcassets */ = {isa = PBXFileReference; lastKnownFileType = folder.assetcatalog; path = Assets.xcassets; sourceTree = "<group>"; };
		4035AF6D2A4EC170004ED9C7 /* Preview Assets.xcassets */ = {isa = PBXFileReference; lastKnownFileType = folder.assetcatalog; path = "Preview Assets.xcassets"; sourceTree = "<group>"; };
		4035AF6F2A4EC170004ED9C7 /* Info.plist */ = {isa = PBXFileReference; lastKnownFileType = text.plist.xml; path = Info.plist; sourceTree = "<group>"; };
		4035AF752A4EC22E004ED9C7 /* reality-check */ = {isa = PBXFileReference; lastKnownFileType = wrapper; name = "reality-check"; path = ../../../..; sourceTree = "<group>"; };
		403EF1DC2A6940B000726919 /* toy_robot_vintage.usdz */ = {isa = PBXFileReference; lastKnownFileType = file.usdz; path = toy_robot_vintage.usdz; sourceTree = "<group>"; };
/* End PBXFileReference section */

/* Begin PBXFrameworksBuildPhase section */
		4035AF5C2A4EC16F004ED9C7 /* Frameworks */ = {
			isa = PBXFrameworksBuildPhase;
			buildActionMask = 2147483647;
			files = (
				4035AF652A4EC16F004ED9C7 /* RealityKitContent in Frameworks */,
				4035AF792A4EC257004ED9C7 /* RealityCheckConnect in Frameworks */,
			);
			runOnlyForDeploymentPostprocessing = 0;
		};
/* End PBXFrameworksBuildPhase section */

/* Begin PBXGroup section */
		4035AF562A4EC16F004ED9C7 = {
			isa = PBXGroup;
			children = (
				4035AF622A4EC16F004ED9C7 /* Packages */,
				4035AF602A4EC16F004ED9C7 /* Products */,
				4035AF612A4EC16F004ED9C7 /* VolumeConnect */,
				4035AF772A4EC257004ED9C7 /* Frameworks */,
			);
			sourceTree = "<group>";
		};
		4035AF602A4EC16F004ED9C7 /* Products */ = {
			isa = PBXGroup;
			children = (
				4035AF5F2A4EC16F004ED9C7 /* VolumeConnect.app */,
			);
			name = Products;
			sourceTree = "<group>";
		};
		4035AF612A4EC16F004ED9C7 /* VolumeConnect */ = {
			isa = PBXGroup;
			children = (
				403EF1DC2A6940B000726919 /* toy_robot_vintage.usdz */,
				4035AF6F2A4EC170004ED9C7 /* Info.plist */,
				4035AF682A4EC16F004ED9C7 /* ContentView.swift */,
				4035AF662A4EC16F004ED9C7 /* VolumeConnectApp.swift */,
				4035AF6A2A4EC170004ED9C7 /* Assets.xcassets */,
				4035AF6C2A4EC170004ED9C7 /* Preview Content */,
			);
			path = VolumeConnect;
			sourceTree = "<group>";
		};
		4035AF622A4EC16F004ED9C7 /* Packages */ = {
			isa = PBXGroup;
			children = (
				4035AF752A4EC22E004ED9C7 /* reality-check */,
				4035AF632A4EC16F004ED9C7 /* RealityKitContent */,
			);
			path = Packages;
			sourceTree = "<group>";
		};
		4035AF6C2A4EC170004ED9C7 /* Preview Content */ = {
			isa = PBXGroup;
			children = (
				4035AF6D2A4EC170004ED9C7 /* Preview Assets.xcassets */,
			);
			path = "Preview Content";
			sourceTree = "<group>";
		};
		4035AF772A4EC257004ED9C7 /* Frameworks */ = {
			isa = PBXGroup;
			children = (
			);
			name = Frameworks;
			sourceTree = "<group>";
		};
/* End PBXGroup section */

/* Begin PBXNativeTarget section */
		4035AF5E2A4EC16F004ED9C7 /* VolumeConnect */ = {
			isa = PBXNativeTarget;
			buildConfigurationList = 4035AF722A4EC170004ED9C7 /* Build configuration list for PBXNativeTarget "VolumeConnect" */;
			buildPhases = (
				4035AF5B2A4EC16F004ED9C7 /* Sources */,
				4035AF5C2A4EC16F004ED9C7 /* Frameworks */,
				4035AF5D2A4EC16F004ED9C7 /* Resources */,
			);
			buildRules = (
			);
			dependencies = (
			);
			name = VolumeConnect;
			packageProductDependencies = (
				4035AF642A4EC16F004ED9C7 /* RealityKitContent */,
				4035AF782A4EC257004ED9C7 /* RealityCheckConnect */,
			);
			productName = VolumeConnect;
			productReference = 4035AF5F2A4EC16F004ED9C7 /* VolumeConnect.app */;
			productType = "com.apple.product-type.application";
		};
/* End PBXNativeTarget section */

/* Begin PBXProject section */
		4035AF572A4EC16F004ED9C7 /* Project object */ = {
			isa = PBXProject;
			attributes = {
				BuildIndependentTargetsInParallel = 1;
				LastSwiftUpdateCheck = 1500;
				LastUpgradeCheck = 1500;
				TargetAttributes = {
					4035AF5E2A4EC16F004ED9C7 = {
						CreatedOnToolsVersion = 15.0;
					};
				};
			};
			buildConfigurationList = 4035AF5A2A4EC16F004ED9C7 /* Build configuration list for PBXProject "VolumeConnect" */;
			compatibilityVersion = "Xcode 14.0";
			developmentRegion = en;
			hasScannedForEncodings = 0;
			knownRegions = (
				en,
				Base,
			);
			mainGroup = 4035AF562A4EC16F004ED9C7;
			productRefGroup = 4035AF602A4EC16F004ED9C7 /* Products */;
			projectDirPath = "";
			projectRoot = "";
			targets = (
				4035AF5E2A4EC16F004ED9C7 /* VolumeConnect */,
			);
		};
/* End PBXProject section */

/* Begin PBXResourcesBuildPhase section */
		4035AF5D2A4EC16F004ED9C7 /* Resources */ = {
			isa = PBXResourcesBuildPhase;
			buildActionMask = 2147483647;
			files = (
				403EF1DD2A6940B000726919 /* toy_robot_vintage.usdz in Resources */,
				4035AF762A4EC22E004ED9C7 /* reality-check in Resources */,
				4035AF6E2A4EC170004ED9C7 /* Preview Assets.xcassets in Resources */,
				4035AF6B2A4EC170004ED9C7 /* Assets.xcassets in Resources */,
			);
			runOnlyForDeploymentPostprocessing = 0;
		};
/* End PBXResourcesBuildPhase section */

/* Begin PBXSourcesBuildPhase section */
		4035AF5B2A4EC16F004ED9C7 /* Sources */ = {
			isa = PBXSourcesBuildPhase;
			buildActionMask = 2147483647;
			files = (
				4035AF692A4EC16F004ED9C7 /* ContentView.swift in Sources */,
				4035AF672A4EC16F004ED9C7 /* VolumeConnectApp.swift in Sources */,
			);
			runOnlyForDeploymentPostprocessing = 0;
		};
/* End PBXSourcesBuildPhase section */

/* Begin XCBuildConfiguration section */
		4035AF702A4EC170004ED9C7 /* Debug */ = {
			isa = XCBuildConfiguration;
			buildSettings = {
				ALWAYS_SEARCH_USER_PATHS = NO;
				ASSETCATALOG_COMPILER_GENERATE_SWIFT_ASSET_SYMBOL_EXTENSIONS = YES;
				CLANG_ANALYZER_NONNULL = YES;
				CLANG_ANALYZER_NUMBER_OBJECT_CONVERSION = YES_AGGRESSIVE;
				CLANG_CXX_LANGUAGE_STANDARD = "gnu++20";
				CLANG_ENABLE_MODULES = YES;
				CLANG_ENABLE_OBJC_ARC = YES;
				CLANG_ENABLE_OBJC_WEAK = YES;
				CLANG_WARN_BLOCK_CAPTURE_AUTORELEASING = YES;
				CLANG_WARN_BOOL_CONVERSION = YES;
				CLANG_WARN_COMMA = YES;
				CLANG_WARN_CONSTANT_CONVERSION = YES;
				CLANG_WARN_DEPRECATED_OBJC_IMPLEMENTATIONS = YES;
				CLANG_WARN_DIRECT_OBJC_ISA_USAGE = YES_ERROR;
				CLANG_WARN_DOCUMENTATION_COMMENTS = YES;
				CLANG_WARN_EMPTY_BODY = YES;
				CLANG_WARN_ENUM_CONVERSION = YES;
				CLANG_WARN_INFINITE_RECURSION = YES;
				CLANG_WARN_INT_CONVERSION = YES;
				CLANG_WARN_NON_LITERAL_NULL_CONVERSION = YES;
				CLANG_WARN_OBJC_IMPLICIT_RETAIN_SELF = YES;
				CLANG_WARN_OBJC_LITERAL_CONVERSION = YES;
				CLANG_WARN_OBJC_ROOT_CLASS = YES_ERROR;
				CLANG_WARN_QUOTED_INCLUDE_IN_FRAMEWORK_HEADER = YES;
				CLANG_WARN_RANGE_LOOP_ANALYSIS = YES;
				CLANG_WARN_STRICT_PROTOTYPES = YES;
				CLANG_WARN_SUSPICIOUS_MOVE = YES;
				CLANG_WARN_UNGUARDED_AVAILABILITY = YES_AGGRESSIVE;
				CLANG_WARN_UNREACHABLE_CODE = YES;
				CLANG_WARN__DUPLICATE_METHOD_MATCH = YES;
				COPY_PHASE_STRIP = NO;
				DEBUG_INFORMATION_FORMAT = dwarf;
				ENABLE_STRICT_OBJC_MSGSEND = YES;
				ENABLE_TESTABILITY = YES;
				ENABLE_USER_SCRIPT_SANDBOXING = YES;
				GCC_C_LANGUAGE_STANDARD = gnu17;
				GCC_DYNAMIC_NO_PIC = NO;
				GCC_NO_COMMON_BLOCKS = YES;
				GCC_OPTIMIZATION_LEVEL = 0;
				GCC_PREPROCESSOR_DEFINITIONS = (
					"DEBUG=1",
					"$(inherited)",
				);
				GCC_WARN_64_TO_32_BIT_CONVERSION = YES;
				GCC_WARN_ABOUT_RETURN_TYPE = YES_ERROR;
				GCC_WARN_UNDECLARED_SELECTOR = YES;
				GCC_WARN_UNINITIALIZED_AUTOS = YES_AGGRESSIVE;
				GCC_WARN_UNUSED_FUNCTION = YES;
				GCC_WARN_UNUSED_VARIABLE = YES;
				LOCALIZATION_PREFERS_STRING_CATALOGS = YES;
				MTL_ENABLE_DEBUG_INFO = INCLUDE_SOURCE;
				MTL_FAST_MATH = YES;
				ONLY_ACTIVE_ARCH = YES;
				SDKROOT = xros;
				SWIFT_ACTIVE_COMPILATION_CONDITIONS = "DEBUG $(inherited)";
				SWIFT_OPTIMIZATION_LEVEL = "-Onone";
				XROS_DEPLOYMENT_TARGET = 1.0;
			};
			name = Debug;
		};
		4035AF712A4EC170004ED9C7 /* Release */ = {
			isa = XCBuildConfiguration;
			buildSettings = {
				ALWAYS_SEARCH_USER_PATHS = NO;
				ASSETCATALOG_COMPILER_GENERATE_SWIFT_ASSET_SYMBOL_EXTENSIONS = YES;
				CLANG_ANALYZER_NONNULL = YES;
				CLANG_ANALYZER_NUMBER_OBJECT_CONVERSION = YES_AGGRESSIVE;
				CLANG_CXX_LANGUAGE_STANDARD = "gnu++20";
				CLANG_ENABLE_MODULES = YES;
				CLANG_ENABLE_OBJC_ARC = YES;
				CLANG_ENABLE_OBJC_WEAK = YES;
				CLANG_WARN_BLOCK_CAPTURE_AUTORELEASING = YES;
				CLANG_WARN_BOOL_CONVERSION = YES;
				CLANG_WARN_COMMA = YES;
				CLANG_WARN_CONSTANT_CONVERSION = YES;
				CLANG_WARN_DEPRECATED_OBJC_IMPLEMENTATIONS = YES;
				CLANG_WARN_DIRECT_OBJC_ISA_USAGE = YES_ERROR;
				CLANG_WARN_DOCUMENTATION_COMMENTS = YES;
				CLANG_WARN_EMPTY_BODY = YES;
				CLANG_WARN_ENUM_CONVERSION = YES;
				CLANG_WARN_INFINITE_RECURSION = YES;
				CLANG_WARN_INT_CONVERSION = YES;
				CLANG_WARN_NON_LITERAL_NULL_CONVERSION = YES;
				CLANG_WARN_OBJC_IMPLICIT_RETAIN_SELF = YES;
				CLANG_WARN_OBJC_LITERAL_CONVERSION = YES;
				CLANG_WARN_OBJC_ROOT_CLASS = YES_ERROR;
				CLANG_WARN_QUOTED_INCLUDE_IN_FRAMEWORK_HEADER = YES;
				CLANG_WARN_RANGE_LOOP_ANALYSIS = YES;
				CLANG_WARN_STRICT_PROTOTYPES = YES;
				CLANG_WARN_SUSPICIOUS_MOVE = YES;
				CLANG_WARN_UNGUARDED_AVAILABILITY = YES_AGGRESSIVE;
				CLANG_WARN_UNREACHABLE_CODE = YES;
				CLANG_WARN__DUPLICATE_METHOD_MATCH = YES;
				COPY_PHASE_STRIP = NO;
				DEBUG_INFORMATION_FORMAT = "dwarf-with-dsym";
				ENABLE_NS_ASSERTIONS = NO;
				ENABLE_STRICT_OBJC_MSGSEND = YES;
				ENABLE_USER_SCRIPT_SANDBOXING = YES;
				GCC_C_LANGUAGE_STANDARD = gnu17;
				GCC_NO_COMMON_BLOCKS = YES;
				GCC_WARN_64_TO_32_BIT_CONVERSION = YES;
				GCC_WARN_ABOUT_RETURN_TYPE = YES_ERROR;
				GCC_WARN_UNDECLARED_SELECTOR = YES;
				GCC_WARN_UNINITIALIZED_AUTOS = YES_AGGRESSIVE;
				GCC_WARN_UNUSED_FUNCTION = YES;
				GCC_WARN_UNUSED_VARIABLE = YES;
				LOCALIZATION_PREFERS_STRING_CATALOGS = YES;
				MTL_ENABLE_DEBUG_INFO = NO;
				MTL_FAST_MATH = YES;
				SDKROOT = xros;
				SWIFT_COMPILATION_MODE = wholemodule;
				VALIDATE_PRODUCT = YES;
				XROS_DEPLOYMENT_TARGET = 1.0;
			};
			name = Release;
		};
		4035AF732A4EC170004ED9C7 /* Debug */ = {
			isa = XCBuildConfiguration;
			buildSettings = {
				ASSETCATALOG_COMPILER_APPICON_NAME = AppIcon;
				ASSETCATALOG_COMPILER_GLOBAL_ACCENT_COLOR_NAME = AccentColor;
				CODE_SIGN_STYLE = Automatic;
				CURRENT_PROJECT_VERSION = 1;
				DEVELOPMENT_ASSET_PATHS = "\"VolumeConnect/Preview Content\"";
				DEVELOPMENT_TEAM = M92A6H7EPZ;
				ENABLE_PREVIEWS = YES;
				GENERATE_INFOPLIST_FILE = YES;
				INFOPLIST_FILE = VolumeConnect/Info.plist;
				INFOPLIST_KEY_UIApplicationSceneManifest_Generation = YES;
				LD_RUNPATH_SEARCH_PATHS = (
					"$(inherited)",
					"@executable_path/Frameworks",
				);
				MARKETING_VERSION = 1.0;
				PRODUCT_BUNDLE_IDENTIFIER = com.monstarlab.VolumeConnect;
				PRODUCT_NAME = "$(TARGET_NAME)";
				SUPPORTED_PLATFORMS = "xros xrsimulator";
				SWIFT_EMIT_LOC_STRINGS = YES;
				SWIFT_VERSION = 5.0;
				TARGETED_DEVICE_FAMILY = "1,2,7";
			};
			name = Debug;
		};
		4035AF742A4EC170004ED9C7 /* Release */ = {
			isa = XCBuildConfiguration;
			buildSettings = {
				ASSETCATALOG_COMPILER_APPICON_NAME = AppIcon;
				ASSETCATALOG_COMPILER_GLOBAL_ACCENT_COLOR_NAME = AccentColor;
				CODE_SIGN_STYLE = Automatic;
				CURRENT_PROJECT_VERSION = 1;
				DEVELOPMENT_ASSET_PATHS = "\"VolumeConnect/Preview Content\"";
				DEVELOPMENT_TEAM = M92A6H7EPZ;
				ENABLE_PREVIEWS = YES;
				GENERATE_INFOPLIST_FILE = YES;
				INFOPLIST_FILE = VolumeConnect/Info.plist;
				INFOPLIST_KEY_UIApplicationSceneManifest_Generation = YES;
				LD_RUNPATH_SEARCH_PATHS = (
					"$(inherited)",
					"@executable_path/Frameworks",
				);
				MARKETING_VERSION = 1.0;
				PRODUCT_BUNDLE_IDENTIFIER = com.monstarlab.VolumeConnect;
				PRODUCT_NAME = "$(TARGET_NAME)";
				SUPPORTED_PLATFORMS = "xros xrsimulator";
				SWIFT_EMIT_LOC_STRINGS = YES;
				SWIFT_VERSION = 5.0;
				TARGETED_DEVICE_FAMILY = "1,2,7";
			};
			name = Release;
		};
/* End XCBuildConfiguration section */

/* Begin XCConfigurationList section */
		4035AF5A2A4EC16F004ED9C7 /* Build configuration list for PBXProject "VolumeConnect" */ = {
			isa = XCConfigurationList;
			buildConfigurations = (
				4035AF702A4EC170004ED9C7 /* Debug */,
				4035AF712A4EC170004ED9C7 /* Release */,
			);
			defaultConfigurationIsVisible = 0;
			defaultConfigurationName = Release;
		};
		4035AF722A4EC170004ED9C7 /* Build configuration list for PBXNativeTarget "VolumeConnect" */ = {
			isa = XCConfigurationList;
			buildConfigurations = (
				4035AF732A4EC170004ED9C7 /* Debug */,
				4035AF742A4EC170004ED9C7 /* Release */,
			);
			defaultConfigurationIsVisible = 0;
			defaultConfigurationName = Release;
		};
/* End XCConfigurationList section */

/* Begin XCSwiftPackageProductDependency section */
		4035AF642A4EC16F004ED9C7 /* RealityKitContent */ = {
			isa = XCSwiftPackageProductDependency;
			productName = RealityKitContent;
		};
		4035AF782A4EC257004ED9C7 /* RealityCheckConnect */ = {
			isa = XCSwiftPackageProductDependency;
			productName = RealityCheckConnect;
		};
/* End XCSwiftPackageProductDependency section */
	};
	rootObject = 4035AF572A4EC16F004ED9C7 /* Project object */;
}
